// !$*UTF8*$!
{
	archiveVersion = 1;
	classes = {
	};
	objectVersion = 46;
	objects = {

/* Begin PBXBuildFile section */
		E7049B851B3C1DA400AAFBC7 /* AboutUsViewController.m in Sources */ = {isa = PBXBuildFile; fileRef = E7049B841B3C1DA400AAFBC7 /* AboutUsViewController.m */; };
		E7049B881B3C259300AAFBC7 /* LaunchSreenView.m in Sources */ = {isa = PBXBuildFile; fileRef = E7049B871B3C259300AAFBC7 /* LaunchSreenView.m */; };
		E7049BAC1B3C433800AAFBC7 /* MKAnnotationView+WebCache.m in Sources */ = {isa = PBXBuildFile; fileRef = E7049B8C1B3C433800AAFBC7 /* MKAnnotationView+WebCache.m */; };
		E7049BAD1B3C433800AAFBC7 /* NSData+ImageContentType.m in Sources */ = {isa = PBXBuildFile; fileRef = E7049B8E1B3C433800AAFBC7 /* NSData+ImageContentType.m */; };
		E7049BAE1B3C433800AAFBC7 /* SDImageCache.m in Sources */ = {isa = PBXBuildFile; fileRef = E7049B901B3C433800AAFBC7 /* SDImageCache.m */; };
		E7049BAF1B3C433800AAFBC7 /* SDWebImageCompat.m in Sources */ = {isa = PBXBuildFile; fileRef = E7049B921B3C433800AAFBC7 /* SDWebImageCompat.m */; };
		E7049BB01B3C433800AAFBC7 /* SDWebImageDecoder.m in Sources */ = {isa = PBXBuildFile; fileRef = E7049B941B3C433800AAFBC7 /* SDWebImageDecoder.m */; };
		E7049BB11B3C433800AAFBC7 /* SDWebImageDownloader.m in Sources */ = {isa = PBXBuildFile; fileRef = E7049B961B3C433800AAFBC7 /* SDWebImageDownloader.m */; };
		E7049BB21B3C433800AAFBC7 /* SDWebImageDownloaderOperation.m in Sources */ = {isa = PBXBuildFile; fileRef = E7049B981B3C433800AAFBC7 /* SDWebImageDownloaderOperation.m */; };
		E7049BB31B3C433800AAFBC7 /* SDWebImageManager.m in Sources */ = {isa = PBXBuildFile; fileRef = E7049B9A1B3C433800AAFBC7 /* SDWebImageManager.m */; };
		E7049BB41B3C433800AAFBC7 /* SDWebImagePrefetcher.m in Sources */ = {isa = PBXBuildFile; fileRef = E7049B9D1B3C433800AAFBC7 /* SDWebImagePrefetcher.m */; };
		E7049BB51B3C433800AAFBC7 /* UIButton+WebCache.m in Sources */ = {isa = PBXBuildFile; fileRef = E7049B9F1B3C433800AAFBC7 /* UIButton+WebCache.m */; };
		E7049BB61B3C433800AAFBC7 /* UIImage+GIF.m in Sources */ = {isa = PBXBuildFile; fileRef = E7049BA11B3C433800AAFBC7 /* UIImage+GIF.m */; };
		E7049BB71B3C433800AAFBC7 /* UIImage+MultiFormat.m in Sources */ = {isa = PBXBuildFile; fileRef = E7049BA31B3C433800AAFBC7 /* UIImage+MultiFormat.m */; };
		E7049BB81B3C433800AAFBC7 /* UIImage+WebP.m in Sources */ = {isa = PBXBuildFile; fileRef = E7049BA51B3C433800AAFBC7 /* UIImage+WebP.m */; };
		E7049BB91B3C433800AAFBC7 /* UIImageView+HighlightedWebCache.m in Sources */ = {isa = PBXBuildFile; fileRef = E7049BA71B3C433800AAFBC7 /* UIImageView+HighlightedWebCache.m */; };
		E7049BBA1B3C433800AAFBC7 /* UIImageView+WebCache.m in Sources */ = {isa = PBXBuildFile; fileRef = E7049BA91B3C433800AAFBC7 /* UIImageView+WebCache.m */; };
		E7049BBB1B3C433800AAFBC7 /* UIView+WebCacheOperation.m in Sources */ = {isa = PBXBuildFile; fileRef = E7049BAB1B3C433800AAFBC7 /* UIView+WebCacheOperation.m */; };
		E70F47C11B256BDB00686D48 /* main.m in Sources */ = {isa = PBXBuildFile; fileRef = E70F47C01B256BDB00686D48 /* main.m */; };
		E70F47C41B256BDB00686D48 /* AppDelegate.mm in Sources */ = {isa = PBXBuildFile; fileRef = E70F47C31B256BDB00686D48 /* AppDelegate.mm */; };
		E70F47CA1B256BDB00686D48 /* Main.storyboard in Resources */ = {isa = PBXBuildFile; fileRef = E70F47C81B256BDB00686D48 /* Main.storyboard */; };
		E70F47CC1B256BDB00686D48 /* Images.xcassets in Resources */ = {isa = PBXBuildFile; fileRef = E70F47CB1B256BDB00686D48 /* Images.xcassets */; };
		E70F47FC1B25802B00686D48 /* NSAlert+MKNetworkKitAdditions.m in Sources */ = {isa = PBXBuildFile; fileRef = E70F47E71B25802B00686D48 /* NSAlert+MKNetworkKitAdditions.m */; };
		E70F47FD1B25802B00686D48 /* NSData+MKBase64.m in Sources */ = {isa = PBXBuildFile; fileRef = E70F47E91B25802B00686D48 /* NSData+MKBase64.m */; };
		E70F47FE1B25802B00686D48 /* NSDate+RFC1123.m in Sources */ = {isa = PBXBuildFile; fileRef = E70F47EB1B25802B00686D48 /* NSDate+RFC1123.m */; };
		E70F47FF1B25802B00686D48 /* NSDictionary+RequestEncoding.m in Sources */ = {isa = PBXBuildFile; fileRef = E70F47ED1B25802B00686D48 /* NSDictionary+RequestEncoding.m */; };
		E70F48001B25802B00686D48 /* NSString+MKNetworkKitAdditions.m in Sources */ = {isa = PBXBuildFile; fileRef = E70F47EF1B25802B00686D48 /* NSString+MKNetworkKitAdditions.m */; };
		E70F48011B25802B00686D48 /* UIAlertView+MKNetworkKitAdditions.m in Sources */ = {isa = PBXBuildFile; fileRef = E70F47F11B25802B00686D48 /* UIAlertView+MKNetworkKitAdditions.m */; };
		E70F48021B25802B00686D48 /* UIImageView+MKNetworkKitAdditions.m in Sources */ = {isa = PBXBuildFile; fileRef = E70F47F31B25802B00686D48 /* UIImageView+MKNetworkKitAdditions.m */; };
		E70F48031B25802B00686D48 /* MKNetworkEngine.m in Sources */ = {isa = PBXBuildFile; fileRef = E70F47F51B25802B00686D48 /* MKNetworkEngine.m */; };
		E70F48041B25802B00686D48 /* MKNetworkOperation.m in Sources */ = {isa = PBXBuildFile; fileRef = E70F47F81B25802B00686D48 /* MKNetworkOperation.m */; };
		E70F48051B25802B00686D48 /* Reachability.m in Sources */ = {isa = PBXBuildFile; fileRef = E70F47FB1B25802B00686D48 /* Reachability.m */; };
		E70F48101B2580F700686D48 /* Security.framework in Frameworks */ = {isa = PBXBuildFile; fileRef = E70F480F1B2580F700686D48 /* Security.framework */; };
		E70F48121B25810900686D48 /* ImageIO.framework in Frameworks */ = {isa = PBXBuildFile; fileRef = E70F48111B25810900686D48 /* ImageIO.framework */; };
		E70F48141B25811100686D48 /* SystemConfiguration.framework in Frameworks */ = {isa = PBXBuildFile; fileRef = E70F48131B25811100686D48 /* SystemConfiguration.framework */; };
		E70F48161B25811800686D48 /* CFNetwork.framework in Frameworks */ = {isa = PBXBuildFile; fileRef = E70F48151B25811800686D48 /* CFNetwork.framework */; };
		E70F48211B26710300686D48 /* JKSideSlipView.m in Sources */ = {isa = PBXBuildFile; fileRef = E70F481A1B26710300686D48 /* JKSideSlipView.m */; };
		E70F48221B26710300686D48 /* MenuCell.m in Sources */ = {isa = PBXBuildFile; fileRef = E70F481C1B26710300686D48 /* MenuCell.m */; };
		E70F48231B26710300686D48 /* MenuCell.xib in Resources */ = {isa = PBXBuildFile; fileRef = E70F481D1B26710300686D48 /* MenuCell.xib */; };
		E70F48241B26710300686D48 /* MenuView.m in Sources */ = {isa = PBXBuildFile; fileRef = E70F481F1B26710300686D48 /* MenuView.m */; };
		E70F48251B26710300686D48 /* MenuView.xib in Resources */ = {isa = PBXBuildFile; fileRef = E70F48201B26710300686D48 /* MenuView.xib */; };
		E70F48291B26716C00686D48 /* CustomViewController.m in Sources */ = {isa = PBXBuildFile; fileRef = E70F48281B26716C00686D48 /* CustomViewController.m */; };
		E70F48341B27E00C00686D48 /* NearByTableViewCell.m in Sources */ = {isa = PBXBuildFile; fileRef = E70F48331B27E00C00686D48 /* NearByTableViewCell.m */; };
		E70F48371B28170E00686D48 /* NearByViewController.m in Sources */ = {isa = PBXBuildFile; fileRef = E70F48361B28170E00686D48 /* NearByViewController.m */; };
		E70F487F1B28390500686D48 /* FoodViewController.m in Sources */ = {isa = PBXBuildFile; fileRef = E70F487E1B28390500686D48 /* FoodViewController.m */; };
		E70F48821B283C5200686D48 /* FoodTableViewCell.m in Sources */ = {isa = PBXBuildFile; fileRef = E70F48811B283C5200686D48 /* FoodTableViewCell.m */; };
		E70F488A1B29537C00686D48 /* ShopCarViewController.m in Sources */ = {isa = PBXBuildFile; fileRef = E70F48891B29537C00686D48 /* ShopCarViewController.m */; };
		E70F488D1B2953DC00686D48 /* BalanceViewController.m in Sources */ = {isa = PBXBuildFile; fileRef = E70F488C1B2953DC00686D48 /* BalanceViewController.m */; };
		E70F48901B298B2500686D48 /* ShopCarTableViewCell.m in Sources */ = {isa = PBXBuildFile; fileRef = E70F488F1B298B2500686D48 /* ShopCarTableViewCell.m */; };
		E70F48941B2B279700686D48 /* RegisterViewController.m in Sources */ = {isa = PBXBuildFile; fileRef = E70F48931B2B279700686D48 /* RegisterViewController.m */; };
		E70F48981B2B2F7400686D48 /* LoginViewController.m in Sources */ = {isa = PBXBuildFile; fileRef = E70F48971B2B2F7400686D48 /* LoginViewController.m */; };
		E70F489C1B2B46B400686D48 /* RegisterSecondViewController.m in Sources */ = {isa = PBXBuildFile; fileRef = E70F489B1B2B46B400686D48 /* RegisterSecondViewController.m */; };
		E75533D91B2C4D33004D7D59 /* UserManageViewController.m in Sources */ = {isa = PBXBuildFile; fileRef = E75533D81B2C4D33004D7D59 /* UserManageViewController.m */; };
		E75533DC1B2C51C6004D7D59 /* ChangePasswordViewController.m in Sources */ = {isa = PBXBuildFile; fileRef = E75533DB1B2C51C6004D7D59 /* ChangePasswordViewController.m */; };
		E75533DF1B2C5AB7004D7D59 /* FoodDetailViewController.m in Sources */ = {isa = PBXBuildFile; fileRef = E75533DE1B2C5AB7004D7D59 /* FoodDetailViewController.m */; };
		E75533F81B2C8E72004D7D59 /* arrow_down.png in Resources */ = {isa = PBXBuildFile; fileRef = E75533E61B2C8E72004D7D59 /* arrow_down.png */; };
		E75533F91B2C8E72004D7D59 /* arrow_down1.png in Resources */ = {isa = PBXBuildFile; fileRef = E75533E71B2C8E72004D7D59 /* arrow_down1.png */; };
		E75533FA1B2C8E72004D7D59 /* arrow_down1@2x.png in Resources */ = {isa = PBXBuildFile; fileRef = E75533E81B2C8E72004D7D59 /* arrow_down1@2x.png */; };
		E75533FB1B2C8E72004D7D59 /* arrow_down@2x.png in Resources */ = {isa = PBXBuildFile; fileRef = E75533E91B2C8E72004D7D59 /* arrow_down@2x.png */; };
		E75533FC1B2C8E72004D7D59 /* SICellSelection.m in Sources */ = {isa = PBXBuildFile; fileRef = E75533EB1B2C8E72004D7D59 /* SICellSelection.m */; };
		E75533FD1B2C8E72004D7D59 /* SIMenuButton.m in Sources */ = {isa = PBXBuildFile; fileRef = E75533ED1B2C8E72004D7D59 /* SIMenuButton.m */; };
		E75533FE1B2C8E72004D7D59 /* SIMenuCell.m in Sources */ = {isa = PBXBuildFile; fileRef = E75533EF1B2C8E72004D7D59 /* SIMenuCell.m */; };
		E75533FF1B2C8E72004D7D59 /* SIMenuConfiguration.m in Sources */ = {isa = PBXBuildFile; fileRef = E75533F11B2C8E72004D7D59 /* SIMenuConfiguration.m */; };
		E75534001B2C8E72004D7D59 /* SIMenuTable.m in Sources */ = {isa = PBXBuildFile; fileRef = E75533F31B2C8E72004D7D59 /* SIMenuTable.m */; };
		E75534011B2C8E72004D7D59 /* SINavigationMenuView.m in Sources */ = {isa = PBXBuildFile; fileRef = E75533F51B2C8E72004D7D59 /* SINavigationMenuView.m */; };
		E75534021B2C8E72004D7D59 /* UIColor+Extension.m in Sources */ = {isa = PBXBuildFile; fileRef = E75533F71B2C8E72004D7D59 /* UIColor+Extension.m */; };
		E75534041B2C999C004D7D59 /* BaiduMapAPI.framework in Frameworks */ = {isa = PBXBuildFile; fileRef = E75534031B2C999C004D7D59 /* BaiduMapAPI.framework */; };
		E75534061B2C99DB004D7D59 /* CoreLocation.framework in Frameworks */ = {isa = PBXBuildFile; fileRef = E75534051B2C99DB004D7D59 /* CoreLocation.framework */; };
		E75534081B2C99E5004D7D59 /* QuartzCore.framework in Frameworks */ = {isa = PBXBuildFile; fileRef = E75534071B2C99E5004D7D59 /* QuartzCore.framework */; };
		E755340A1B2C99ED004D7D59 /* OpenGLES.framework in Frameworks */ = {isa = PBXBuildFile; fileRef = E75534091B2C99ED004D7D59 /* OpenGLES.framework */; };
		E755340C1B2C99FC004D7D59 /* CoreGraphics.framework in Frameworks */ = {isa = PBXBuildFile; fileRef = E755340B1B2C99FC004D7D59 /* CoreGraphics.framework */; };
		E755340E1B2C9A5A004D7D59 /* mapapi.bundle in Resources */ = {isa = PBXBuildFile; fileRef = E755340D1B2C9A5A004D7D59 /* mapapi.bundle */; };
		E75B20831B2F1D7200AE1C28 /* MyFavoriteViewController.m in Sources */ = {isa = PBXBuildFile; fileRef = E75B20821B2F1D7200AE1C28 /* MyFavoriteViewController.m */; };
		E75B20891B2FAFE800AE1C28 /* FixInfoViewController.m in Sources */ = {isa = PBXBuildFile; fileRef = E75B20881B2FAFE800AE1C28 /* FixInfoViewController.m */; };
		E75B208D1B2FB7D800AE1C28 /* BaiduMapViewController.m in Sources */ = {isa = PBXBuildFile; fileRef = E75B208C1B2FB7D800AE1C28 /* BaiduMapViewController.m */; };
		E77E67901B4BFED600EE369E /* AlipaySDK.bundle in Resources */ = {isa = PBXBuildFile; fileRef = E77E678F1B4BFED600EE369E /* AlipaySDK.bundle */; };
		E77E67921B4BFEE100EE369E /* AlipaySDK.framework in Frameworks */ = {isa = PBXBuildFile; fileRef = E77E67911B4BFEE100EE369E /* AlipaySDK.framework */; };
		E77E67951B4BFF0100EE369E /* libcrypto.a in Frameworks */ = {isa = PBXBuildFile; fileRef = E77E67931B4BFF0100EE369E /* libcrypto.a */; };
		E77E67961B4BFF0100EE369E /* libssl.a in Frameworks */ = {isa = PBXBuildFile; fileRef = E77E67941B4BFF0100EE369E /* libssl.a */; };
		E77E67991B4BFF2400EE369E /* APAuthV2Info.m in Sources */ = {isa = PBXBuildFile; fileRef = E77E67981B4BFF2400EE369E /* APAuthV2Info.m */; };
		E77E67AC1B4BFF3100EE369E /* base64.m in Sources */ = {isa = PBXBuildFile; fileRef = E77E679C1B4BFF3100EE369E /* base64.m */; };
		E77E67AD1B4BFF3100EE369E /* DataSigner.m in Sources */ = {isa = PBXBuildFile; fileRef = E77E679F1B4BFF3100EE369E /* DataSigner.m */; };
		E77E67AE1B4BFF3100EE369E /* DataVerifier.m in Sources */ = {isa = PBXBuildFile; fileRef = E77E67A11B4BFF3100EE369E /* DataVerifier.m */; };
		E77E67AF1B4BFF3100EE369E /* MD5DataSigner.m in Sources */ = {isa = PBXBuildFile; fileRef = E77E67A31B4BFF3100EE369E /* MD5DataSigner.m */; };
		E77E67B01B4BFF3100EE369E /* NSDataEx.m in Sources */ = {isa = PBXBuildFile; fileRef = E77E67A51B4BFF3100EE369E /* NSDataEx.m */; };
		E77E67B11B4BFF3100EE369E /* openssl_wrapper.m in Sources */ = {isa = PBXBuildFile; fileRef = E77E67A71B4BFF3100EE369E /* openssl_wrapper.m */; };
		E77E67B21B4BFF3100EE369E /* RSADataSigner.m in Sources */ = {isa = PBXBuildFile; fileRef = E77E67A91B4BFF3100EE369E /* RSADataSigner.m */; };
		E77E67B31B4BFF3100EE369E /* RSADataVerifier.m in Sources */ = {isa = PBXBuildFile; fileRef = E77E67AB1B4BFF3100EE369E /* RSADataVerifier.m */; };
		E77E68051B4BFF6400EE369E /* Order.m in Sources */ = {isa = PBXBuildFile; fileRef = E77E68041B4BFF6400EE369E /* Order.m */; };
		E77E68071B4C002200EE369E /* libz.dylib in Frameworks */ = {isa = PBXBuildFile; fileRef = E77E68061B4C002200EE369E /* libz.dylib */; };
		E7CA62891B40D09500A70B4B /* MBProgressHUD.m in Sources */ = {isa = PBXBuildFile; fileRef = E7CA62881B40D09500A70B4B /* MBProgressHUD.m */; };
		E7D084ED1B3AE5870050832C /* arrow_down2.png in Resources */ = {isa = PBXBuildFile; fileRef = E7D084EB1B3AE5870050832C /* arrow_down2.png */; };
		E7D084EE1B3AE5870050832C /* arrow_down2@2x.png in Resources */ = {isa = PBXBuildFile; fileRef = E7D084EC1B3AE5870050832C /* arrow_down2@2x.png */; };
		E7EB59781B2DAFC500908A74 /* OrderLIstViewController.m in Sources */ = {isa = PBXBuildFile; fileRef = E7EB59771B2DAFC500908A74 /* OrderLIstViewController.m */; };
		E7EB597B1B2DAFD900908A74 /* OrderDetailViewController.m in Sources */ = {isa = PBXBuildFile; fileRef = E7EB597A1B2DAFD900908A74 /* OrderDetailViewController.m */; };
		E7EB597E1B2DB0BA00908A74 /* OrderListTableViewCell.m in Sources */ = {isa = PBXBuildFile; fileRef = E7EB597D1B2DB0BA00908A74 /* OrderListTableViewCell.m */; };
		E7EB59821B2E7FA700908A74 /* DSFoodViewController.m in Sources */ = {isa = PBXBuildFile; fileRef = E7EB59811B2E7FA700908A74 /* DSFoodViewController.m */; };
/* End PBXBuildFile section */

/* Begin PBXFileReference section */
		E7049B831B3C1DA400AAFBC7 /* AboutUsViewController.h */ = {isa = PBXFileReference; fileEncoding = 4; lastKnownFileType = sourcecode.c.h; path = AboutUsViewController.h; sourceTree = "<group>"; };
		E7049B841B3C1DA400AAFBC7 /* AboutUsViewController.m */ = {isa = PBXFileReference; fileEncoding = 4; lastKnownFileType = sourcecode.c.objc; path = AboutUsViewController.m; sourceTree = "<group>"; };
		E7049B861B3C259300AAFBC7 /* LaunchSreenView.h */ = {isa = PBXFileReference; fileEncoding = 4; lastKnownFileType = sourcecode.c.h; path = LaunchSreenView.h; sourceTree = "<group>"; };
		E7049B871B3C259300AAFBC7 /* LaunchSreenView.m */ = {isa = PBXFileReference; fileEncoding = 4; lastKnownFileType = sourcecode.c.objc; path = LaunchSreenView.m; sourceTree = "<group>"; };
		E7049B891B3C308C00AAFBC7 /* GlobalDefine.h */ = {isa = PBXFileReference; fileEncoding = 4; lastKnownFileType = sourcecode.c.h; path = GlobalDefine.h; sourceTree = "<group>"; };
		E7049B8B1B3C433800AAFBC7 /* MKAnnotationView+WebCache.h */ = {isa = PBXFileReference; fileEncoding = 4; lastKnownFileType = sourcecode.c.h; path = "MKAnnotationView+WebCache.h"; sourceTree = "<group>"; };
		E7049B8C1B3C433800AAFBC7 /* MKAnnotationView+WebCache.m */ = {isa = PBXFileReference; fileEncoding = 4; lastKnownFileType = sourcecode.c.objc; path = "MKAnnotationView+WebCache.m"; sourceTree = "<group>"; };
		E7049B8D1B3C433800AAFBC7 /* NSData+ImageContentType.h */ = {isa = PBXFileReference; fileEncoding = 4; lastKnownFileType = sourcecode.c.h; path = "NSData+ImageContentType.h"; sourceTree = "<group>"; };
		E7049B8E1B3C433800AAFBC7 /* NSData+ImageContentType.m */ = {isa = PBXFileReference; fileEncoding = 4; lastKnownFileType = sourcecode.c.objc; path = "NSData+ImageContentType.m"; sourceTree = "<group>"; };
		E7049B8F1B3C433800AAFBC7 /* SDImageCache.h */ = {isa = PBXFileReference; fileEncoding = 4; lastKnownFileType = sourcecode.c.h; path = SDImageCache.h; sourceTree = "<group>"; };
		E7049B901B3C433800AAFBC7 /* SDImageCache.m */ = {isa = PBXFileReference; fileEncoding = 4; lastKnownFileType = sourcecode.c.objc; path = SDImageCache.m; sourceTree = "<group>"; };
		E7049B911B3C433800AAFBC7 /* SDWebImageCompat.h */ = {isa = PBXFileReference; fileEncoding = 4; lastKnownFileType = sourcecode.c.h; path = SDWebImageCompat.h; sourceTree = "<group>"; };
		E7049B921B3C433800AAFBC7 /* SDWebImageCompat.m */ = {isa = PBXFileReference; fileEncoding = 4; lastKnownFileType = sourcecode.c.objc; path = SDWebImageCompat.m; sourceTree = "<group>"; };
		E7049B931B3C433800AAFBC7 /* SDWebImageDecoder.h */ = {isa = PBXFileReference; fileEncoding = 4; lastKnownFileType = sourcecode.c.h; path = SDWebImageDecoder.h; sourceTree = "<group>"; };
		E7049B941B3C433800AAFBC7 /* SDWebImageDecoder.m */ = {isa = PBXFileReference; fileEncoding = 4; lastKnownFileType = sourcecode.c.objc; path = SDWebImageDecoder.m; sourceTree = "<group>"; };
		E7049B951B3C433800AAFBC7 /* SDWebImageDownloader.h */ = {isa = PBXFileReference; fileEncoding = 4; lastKnownFileType = sourcecode.c.h; path = SDWebImageDownloader.h; sourceTree = "<group>"; };
		E7049B961B3C433800AAFBC7 /* SDWebImageDownloader.m */ = {isa = PBXFileReference; fileEncoding = 4; lastKnownFileType = sourcecode.c.objc; path = SDWebImageDownloader.m; sourceTree = "<group>"; };
		E7049B971B3C433800AAFBC7 /* SDWebImageDownloaderOperation.h */ = {isa = PBXFileReference; fileEncoding = 4; lastKnownFileType = sourcecode.c.h; path = SDWebImageDownloaderOperation.h; sourceTree = "<group>"; };
		E7049B981B3C433800AAFBC7 /* SDWebImageDownloaderOperation.m */ = {isa = PBXFileReference; fileEncoding = 4; lastKnownFileType = sourcecode.c.objc; path = SDWebImageDownloaderOperation.m; sourceTree = "<group>"; };
		E7049B991B3C433800AAFBC7 /* SDWebImageManager.h */ = {isa = PBXFileReference; fileEncoding = 4; lastKnownFileType = sourcecode.c.h; path = SDWebImageManager.h; sourceTree = "<group>"; };
		E7049B9A1B3C433800AAFBC7 /* SDWebImageManager.m */ = {isa = PBXFileReference; fileEncoding = 4; lastKnownFileType = sourcecode.c.objc; path = SDWebImageManager.m; sourceTree = "<group>"; };
		E7049B9B1B3C433800AAFBC7 /* SDWebImageOperation.h */ = {isa = PBXFileReference; fileEncoding = 4; lastKnownFileType = sourcecode.c.h; path = SDWebImageOperation.h; sourceTree = "<group>"; };
		E7049B9C1B3C433800AAFBC7 /* SDWebImagePrefetcher.h */ = {isa = PBXFileReference; fileEncoding = 4; lastKnownFileType = sourcecode.c.h; path = SDWebImagePrefetcher.h; sourceTree = "<group>"; };
		E7049B9D1B3C433800AAFBC7 /* SDWebImagePrefetcher.m */ = {isa = PBXFileReference; fileEncoding = 4; lastKnownFileType = sourcecode.c.objc; path = SDWebImagePrefetcher.m; sourceTree = "<group>"; };
		E7049B9E1B3C433800AAFBC7 /* UIButton+WebCache.h */ = {isa = PBXFileReference; fileEncoding = 4; lastKnownFileType = sourcecode.c.h; path = "UIButton+WebCache.h"; sourceTree = "<group>"; };
		E7049B9F1B3C433800AAFBC7 /* UIButton+WebCache.m */ = {isa = PBXFileReference; fileEncoding = 4; lastKnownFileType = sourcecode.c.objc; path = "UIButton+WebCache.m"; sourceTree = "<group>"; };
		E7049BA01B3C433800AAFBC7 /* UIImage+GIF.h */ = {isa = PBXFileReference; fileEncoding = 4; lastKnownFileType = sourcecode.c.h; path = "UIImage+GIF.h"; sourceTree = "<group>"; };
		E7049BA11B3C433800AAFBC7 /* UIImage+GIF.m */ = {isa = PBXFileReference; fileEncoding = 4; lastKnownFileType = sourcecode.c.objc; path = "UIImage+GIF.m"; sourceTree = "<group>"; };
		E7049BA21B3C433800AAFBC7 /* UIImage+MultiFormat.h */ = {isa = PBXFileReference; fileEncoding = 4; lastKnownFileType = sourcecode.c.h; path = "UIImage+MultiFormat.h"; sourceTree = "<group>"; };
		E7049BA31B3C433800AAFBC7 /* UIImage+MultiFormat.m */ = {isa = PBXFileReference; fileEncoding = 4; lastKnownFileType = sourcecode.c.objc; path = "UIImage+MultiFormat.m"; sourceTree = "<group>"; };
		E7049BA41B3C433800AAFBC7 /* UIImage+WebP.h */ = {isa = PBXFileReference; fileEncoding = 4; lastKnownFileType = sourcecode.c.h; path = "UIImage+WebP.h"; sourceTree = "<group>"; };
		E7049BA51B3C433800AAFBC7 /* UIImage+WebP.m */ = {isa = PBXFileReference; fileEncoding = 4; lastKnownFileType = sourcecode.c.objc; path = "UIImage+WebP.m"; sourceTree = "<group>"; };
		E7049BA61B3C433800AAFBC7 /* UIImageView+HighlightedWebCache.h */ = {isa = PBXFileReference; fileEncoding = 4; lastKnownFileType = sourcecode.c.h; path = "UIImageView+HighlightedWebCache.h"; sourceTree = "<group>"; };
		E7049BA71B3C433800AAFBC7 /* UIImageView+HighlightedWebCache.m */ = {isa = PBXFileReference; fileEncoding = 4; lastKnownFileType = sourcecode.c.objc; path = "UIImageView+HighlightedWebCache.m"; sourceTree = "<group>"; };
		E7049BA81B3C433800AAFBC7 /* UIImageView+WebCache.h */ = {isa = PBXFileReference; fileEncoding = 4; lastKnownFileType = sourcecode.c.h; path = "UIImageView+WebCache.h"; sourceTree = "<group>"; };
		E7049BA91B3C433800AAFBC7 /* UIImageView+WebCache.m */ = {isa = PBXFileReference; fileEncoding = 4; lastKnownFileType = sourcecode.c.objc; path = "UIImageView+WebCache.m"; sourceTree = "<group>"; };
		E7049BAA1B3C433800AAFBC7 /* UIView+WebCacheOperation.h */ = {isa = PBXFileReference; fileEncoding = 4; lastKnownFileType = sourcecode.c.h; path = "UIView+WebCacheOperation.h"; sourceTree = "<group>"; };
		E7049BAB1B3C433800AAFBC7 /* UIView+WebCacheOperation.m */ = {isa = PBXFileReference; fileEncoding = 4; lastKnownFileType = sourcecode.c.objc; path = "UIView+WebCacheOperation.m"; sourceTree = "<group>"; };
		E70F47BB1B256BDB00686D48 /* HaoCLZ.app */ = {isa = PBXFileReference; explicitFileType = wrapper.application; includeInIndex = 0; path = HaoCLZ.app; sourceTree = BUILT_PRODUCTS_DIR; };
		E70F47BF1B256BDB00686D48 /* Info.plist */ = {isa = PBXFileReference; lastKnownFileType = text.plist.xml; path = Info.plist; sourceTree = "<group>"; };
		E70F47C01B256BDB00686D48 /* main.m */ = {isa = PBXFileReference; lastKnownFileType = sourcecode.c.objc; path = main.m; sourceTree = "<group>"; };
		E70F47C21B256BDB00686D48 /* AppDelegate.h */ = {isa = PBXFileReference; lastKnownFileType = sourcecode.c.h; path = AppDelegate.h; sourceTree = "<group>"; };
		E70F47C31B256BDB00686D48 /* AppDelegate.mm */ = {isa = PBXFileReference; lastKnownFileType = sourcecode.cpp.objcpp; path = AppDelegate.mm; sourceTree = "<group>"; };
		E70F47C91B256BDB00686D48 /* Base */ = {isa = PBXFileReference; lastKnownFileType = file.storyboard; name = Base; path = Base.lproj/Main.storyboard; sourceTree = "<group>"; };
		E70F47CB1B256BDB00686D48 /* Images.xcassets */ = {isa = PBXFileReference; lastKnownFileType = folder.assetcatalog; path = Images.xcassets; sourceTree = "<group>"; };
		E70F47D91B256BDB00686D48 /* Info.plist */ = {isa = PBXFileReference; lastKnownFileType = text.plist.xml; path = Info.plist; sourceTree = "<group>"; };
		E70F47DA1B256BDB00686D48 /* HaoCLZTests.m */ = {isa = PBXFileReference; lastKnownFileType = sourcecode.c.objc; path = HaoCLZTests.m; sourceTree = "<group>"; };
		E70F47E61B25802B00686D48 /* NSAlert+MKNetworkKitAdditions.h */ = {isa = PBXFileReference; fileEncoding = 4; lastKnownFileType = sourcecode.c.h; path = "NSAlert+MKNetworkKitAdditions.h"; sourceTree = "<group>"; };
		E70F47E71B25802B00686D48 /* NSAlert+MKNetworkKitAdditions.m */ = {isa = PBXFileReference; fileEncoding = 4; lastKnownFileType = sourcecode.c.objc; path = "NSAlert+MKNetworkKitAdditions.m"; sourceTree = "<group>"; };
		E70F47E81B25802B00686D48 /* NSData+MKBase64.h */ = {isa = PBXFileReference; fileEncoding = 4; lastKnownFileType = sourcecode.c.h; path = "NSData+MKBase64.h"; sourceTree = "<group>"; };
		E70F47E91B25802B00686D48 /* NSData+MKBase64.m */ = {isa = PBXFileReference; fileEncoding = 4; lastKnownFileType = sourcecode.c.objc; path = "NSData+MKBase64.m"; sourceTree = "<group>"; };
		E70F47EA1B25802B00686D48 /* NSDate+RFC1123.h */ = {isa = PBXFileReference; fileEncoding = 4; lastKnownFileType = sourcecode.c.h; path = "NSDate+RFC1123.h"; sourceTree = "<group>"; };
		E70F47EB1B25802B00686D48 /* NSDate+RFC1123.m */ = {isa = PBXFileReference; fileEncoding = 4; lastKnownFileType = sourcecode.c.objc; path = "NSDate+RFC1123.m"; sourceTree = "<group>"; };
		E70F47EC1B25802B00686D48 /* NSDictionary+RequestEncoding.h */ = {isa = PBXFileReference; fileEncoding = 4; lastKnownFileType = sourcecode.c.h; path = "NSDictionary+RequestEncoding.h"; sourceTree = "<group>"; };
		E70F47ED1B25802B00686D48 /* NSDictionary+RequestEncoding.m */ = {isa = PBXFileReference; fileEncoding = 4; lastKnownFileType = sourcecode.c.objc; path = "NSDictionary+RequestEncoding.m"; sourceTree = "<group>"; };
		E70F47EE1B25802B00686D48 /* NSString+MKNetworkKitAdditions.h */ = {isa = PBXFileReference; fileEncoding = 4; lastKnownFileType = sourcecode.c.h; path = "NSString+MKNetworkKitAdditions.h"; sourceTree = "<group>"; };
		E70F47EF1B25802B00686D48 /* NSString+MKNetworkKitAdditions.m */ = {isa = PBXFileReference; fileEncoding = 4; lastKnownFileType = sourcecode.c.objc; path = "NSString+MKNetworkKitAdditions.m"; sourceTree = "<group>"; };
		E70F47F01B25802B00686D48 /* UIAlertView+MKNetworkKitAdditions.h */ = {isa = PBXFileReference; fileEncoding = 4; lastKnownFileType = sourcecode.c.h; path = "UIAlertView+MKNetworkKitAdditions.h"; sourceTree = "<group>"; };
		E70F47F11B25802B00686D48 /* UIAlertView+MKNetworkKitAdditions.m */ = {isa = PBXFileReference; fileEncoding = 4; lastKnownFileType = sourcecode.c.objc; path = "UIAlertView+MKNetworkKitAdditions.m"; sourceTree = "<group>"; };
		E70F47F21B25802B00686D48 /* UIImageView+MKNetworkKitAdditions.h */ = {isa = PBXFileReference; fileEncoding = 4; lastKnownFileType = sourcecode.c.h; path = "UIImageView+MKNetworkKitAdditions.h"; sourceTree = "<group>"; };
		E70F47F31B25802B00686D48 /* UIImageView+MKNetworkKitAdditions.m */ = {isa = PBXFileReference; fileEncoding = 4; lastKnownFileType = sourcecode.c.objc; path = "UIImageView+MKNetworkKitAdditions.m"; sourceTree = "<group>"; };
		E70F47F41B25802B00686D48 /* MKNetworkEngine.h */ = {isa = PBXFileReference; fileEncoding = 4; lastKnownFileType = sourcecode.c.h; path = MKNetworkEngine.h; sourceTree = "<group>"; };
		E70F47F51B25802B00686D48 /* MKNetworkEngine.m */ = {isa = PBXFileReference; fileEncoding = 4; lastKnownFileType = sourcecode.c.objc; path = MKNetworkEngine.m; sourceTree = "<group>"; };
		E70F47F61B25802B00686D48 /* MKNetworkKit.h */ = {isa = PBXFileReference; fileEncoding = 4; lastKnownFileType = sourcecode.c.h; path = MKNetworkKit.h; sourceTree = "<group>"; };
		E70F47F71B25802B00686D48 /* MKNetworkOperation.h */ = {isa = PBXFileReference; fileEncoding = 4; lastKnownFileType = sourcecode.c.h; path = MKNetworkOperation.h; sourceTree = "<group>"; };
		E70F47F81B25802B00686D48 /* MKNetworkOperation.m */ = {isa = PBXFileReference; fileEncoding = 4; lastKnownFileType = sourcecode.c.objc; path = MKNetworkOperation.m; sourceTree = "<group>"; };
		E70F47FA1B25802B00686D48 /* Reachability.h */ = {isa = PBXFileReference; fileEncoding = 4; lastKnownFileType = sourcecode.c.h; path = Reachability.h; sourceTree = "<group>"; };
		E70F47FB1B25802B00686D48 /* Reachability.m */ = {isa = PBXFileReference; fileEncoding = 4; lastKnownFileType = sourcecode.c.objc; path = Reachability.m; sourceTree = "<group>"; };
		E70F480F1B2580F700686D48 /* Security.framework */ = {isa = PBXFileReference; lastKnownFileType = wrapper.framework; name = Security.framework; path = System/Library/Frameworks/Security.framework; sourceTree = SDKROOT; };
		E70F48111B25810900686D48 /* ImageIO.framework */ = {isa = PBXFileReference; lastKnownFileType = wrapper.framework; name = ImageIO.framework; path = System/Library/Frameworks/ImageIO.framework; sourceTree = SDKROOT; };
		E70F48131B25811100686D48 /* SystemConfiguration.framework */ = {isa = PBXFileReference; lastKnownFileType = wrapper.framework; name = SystemConfiguration.framework; path = System/Library/Frameworks/SystemConfiguration.framework; sourceTree = SDKROOT; };
		E70F48151B25811800686D48 /* CFNetwork.framework */ = {isa = PBXFileReference; lastKnownFileType = wrapper.framework; name = CFNetwork.framework; path = System/Library/Frameworks/CFNetwork.framework; sourceTree = SDKROOT; };
		E70F48171B25889F00686D48 /* PrefixHeader.pch */ = {isa = PBXFileReference; fileEncoding = 4; lastKnownFileType = sourcecode.c.h; path = PrefixHeader.pch; sourceTree = "<group>"; };
		E70F48191B26710300686D48 /* JKSideSlipView.h */ = {isa = PBXFileReference; fileEncoding = 4; lastKnownFileType = sourcecode.c.h; path = JKSideSlipView.h; sourceTree = "<group>"; };
		E70F481A1B26710300686D48 /* JKSideSlipView.m */ = {isa = PBXFileReference; fileEncoding = 4; lastKnownFileType = sourcecode.c.objc; path = JKSideSlipView.m; sourceTree = "<group>"; };
		E70F481B1B26710300686D48 /* MenuCell.h */ = {isa = PBXFileReference; fileEncoding = 4; lastKnownFileType = sourcecode.c.h; path = MenuCell.h; sourceTree = "<group>"; };
		E70F481C1B26710300686D48 /* MenuCell.m */ = {isa = PBXFileReference; fileEncoding = 4; lastKnownFileType = sourcecode.c.objc; path = MenuCell.m; sourceTree = "<group>"; };
		E70F481D1B26710300686D48 /* MenuCell.xib */ = {isa = PBXFileReference; fileEncoding = 4; lastKnownFileType = file.xib; path = MenuCell.xib; sourceTree = "<group>"; };
		E70F481E1B26710300686D48 /* MenuView.h */ = {isa = PBXFileReference; fileEncoding = 4; lastKnownFileType = sourcecode.c.h; path = MenuView.h; sourceTree = "<group>"; };
		E70F481F1B26710300686D48 /* MenuView.m */ = {isa = PBXFileReference; fileEncoding = 4; lastKnownFileType = sourcecode.c.objc; path = MenuView.m; sourceTree = "<group>"; };
		E70F48201B26710300686D48 /* MenuView.xib */ = {isa = PBXFileReference; fileEncoding = 4; lastKnownFileType = file.xib; path = MenuView.xib; sourceTree = "<group>"; };
		E70F48271B26716C00686D48 /* CustomViewController.h */ = {isa = PBXFileReference; fileEncoding = 4; lastKnownFileType = sourcecode.c.h; path = CustomViewController.h; sourceTree = "<group>"; };
		E70F48281B26716C00686D48 /* CustomViewController.m */ = {isa = PBXFileReference; fileEncoding = 4; lastKnownFileType = sourcecode.c.objc; path = CustomViewController.m; sourceTree = "<group>"; };
		E70F48321B27E00C00686D48 /* NearByTableViewCell.h */ = {isa = PBXFileReference; fileEncoding = 4; lastKnownFileType = sourcecode.c.h; path = NearByTableViewCell.h; sourceTree = "<group>"; };
		E70F48331B27E00C00686D48 /* NearByTableViewCell.m */ = {isa = PBXFileReference; fileEncoding = 4; lastKnownFileType = sourcecode.c.objc; path = NearByTableViewCell.m; sourceTree = "<group>"; };
		E70F48351B28170E00686D48 /* NearByViewController.h */ = {isa = PBXFileReference; fileEncoding = 4; lastKnownFileType = sourcecode.c.h; path = NearByViewController.h; sourceTree = "<group>"; };
		E70F48361B28170E00686D48 /* NearByViewController.m */ = {isa = PBXFileReference; fileEncoding = 4; lastKnownFileType = sourcecode.c.objc; path = NearByViewController.m; sourceTree = "<group>"; };
		E70F487D1B28390500686D48 /* FoodViewController.h */ = {isa = PBXFileReference; fileEncoding = 4; lastKnownFileType = sourcecode.c.h; path = FoodViewController.h; sourceTree = "<group>"; };
		E70F487E1B28390500686D48 /* FoodViewController.m */ = {isa = PBXFileReference; fileEncoding = 4; lastKnownFileType = sourcecode.c.objc; path = FoodViewController.m; sourceTree = "<group>"; };
		E70F48801B283C5200686D48 /* FoodTableViewCell.h */ = {isa = PBXFileReference; fileEncoding = 4; lastKnownFileType = sourcecode.c.h; path = FoodTableViewCell.h; sourceTree = "<group>"; };
		E70F48811B283C5200686D48 /* FoodTableViewCell.m */ = {isa = PBXFileReference; fileEncoding = 4; lastKnownFileType = sourcecode.c.objc; path = FoodTableViewCell.m; sourceTree = "<group>"; };
		E70F48881B29537C00686D48 /* ShopCarViewController.h */ = {isa = PBXFileReference; fileEncoding = 4; lastKnownFileType = sourcecode.c.h; path = ShopCarViewController.h; sourceTree = "<group>"; };
		E70F48891B29537C00686D48 /* ShopCarViewController.m */ = {isa = PBXFileReference; fileEncoding = 4; lastKnownFileType = sourcecode.c.objc; path = ShopCarViewController.m; sourceTree = "<group>"; };
		E70F488B1B2953DC00686D48 /* BalanceViewController.h */ = {isa = PBXFileReference; fileEncoding = 4; lastKnownFileType = sourcecode.c.h; path = BalanceViewController.h; sourceTree = "<group>"; };
		E70F488C1B2953DC00686D48 /* BalanceViewController.m */ = {isa = PBXFileReference; fileEncoding = 4; lastKnownFileType = sourcecode.c.objc; path = BalanceViewController.m; sourceTree = "<group>"; };
		E70F488E1B298B2500686D48 /* ShopCarTableViewCell.h */ = {isa = PBXFileReference; fileEncoding = 4; lastKnownFileType = sourcecode.c.h; path = ShopCarTableViewCell.h; sourceTree = "<group>"; };
		E70F488F1B298B2500686D48 /* ShopCarTableViewCell.m */ = {isa = PBXFileReference; fileEncoding = 4; lastKnownFileType = sourcecode.c.objc; path = ShopCarTableViewCell.m; sourceTree = "<group>"; };
		E70F48921B2B279700686D48 /* RegisterViewController.h */ = {isa = PBXFileReference; fileEncoding = 4; lastKnownFileType = sourcecode.c.h; path = RegisterViewController.h; sourceTree = "<group>"; };
		E70F48931B2B279700686D48 /* RegisterViewController.m */ = {isa = PBXFileReference; fileEncoding = 4; lastKnownFileType = sourcecode.c.objc; path = RegisterViewController.m; sourceTree = "<group>"; };
		E70F48961B2B2F7400686D48 /* LoginViewController.h */ = {isa = PBXFileReference; fileEncoding = 4; lastKnownFileType = sourcecode.c.h; path = LoginViewController.h; sourceTree = "<group>"; };
		E70F48971B2B2F7400686D48 /* LoginViewController.m */ = {isa = PBXFileReference; fileEncoding = 4; lastKnownFileType = sourcecode.c.objc; path = LoginViewController.m; sourceTree = "<group>"; };
		E70F489A1B2B46B400686D48 /* RegisterSecondViewController.h */ = {isa = PBXFileReference; fileEncoding = 4; lastKnownFileType = sourcecode.c.h; path = RegisterSecondViewController.h; sourceTree = "<group>"; };
		E70F489B1B2B46B400686D48 /* RegisterSecondViewController.m */ = {isa = PBXFileReference; fileEncoding = 4; lastKnownFileType = sourcecode.c.objc; path = RegisterSecondViewController.m; sourceTree = "<group>"; };
		E75533D71B2C4D33004D7D59 /* UserManageViewController.h */ = {isa = PBXFileReference; fileEncoding = 4; lastKnownFileType = sourcecode.c.h; path = UserManageViewController.h; sourceTree = "<group>"; };
		E75533D81B2C4D33004D7D59 /* UserManageViewController.m */ = {isa = PBXFileReference; fileEncoding = 4; lastKnownFileType = sourcecode.c.objc; path = UserManageViewController.m; sourceTree = "<group>"; };
		E75533DA1B2C51C6004D7D59 /* ChangePasswordViewController.h */ = {isa = PBXFileReference; fileEncoding = 4; lastKnownFileType = sourcecode.c.h; path = ChangePasswordViewController.h; sourceTree = "<group>"; };
		E75533DB1B2C51C6004D7D59 /* ChangePasswordViewController.m */ = {isa = PBXFileReference; fileEncoding = 4; lastKnownFileType = sourcecode.c.objc; path = ChangePasswordViewController.m; sourceTree = "<group>"; };
		E75533DD1B2C5AB7004D7D59 /* FoodDetailViewController.h */ = {isa = PBXFileReference; fileEncoding = 4; lastKnownFileType = sourcecode.c.h; path = FoodDetailViewController.h; sourceTree = "<group>"; };
		E75533DE1B2C5AB7004D7D59 /* FoodDetailViewController.m */ = {isa = PBXFileReference; fileEncoding = 4; lastKnownFileType = sourcecode.c.objc; path = FoodDetailViewController.m; sourceTree = "<group>"; };
		E75533E61B2C8E72004D7D59 /* arrow_down.png */ = {isa = PBXFileReference; lastKnownFileType = image.png; path = arrow_down.png; sourceTree = "<group>"; };
		E75533E71B2C8E72004D7D59 /* arrow_down1.png */ = {isa = PBXFileReference; lastKnownFileType = image.png; path = arrow_down1.png; sourceTree = "<group>"; };
		E75533E81B2C8E72004D7D59 /* arrow_down1@2x.png */ = {isa = PBXFileReference; lastKnownFileType = image.png; path = "arrow_down1@2x.png"; sourceTree = "<group>"; };
		E75533E91B2C8E72004D7D59 /* arrow_down@2x.png */ = {isa = PBXFileReference; lastKnownFileType = image.png; path = "arrow_down@2x.png"; sourceTree = "<group>"; };
		E75533EA1B2C8E72004D7D59 /* SICellSelection.h */ = {isa = PBXFileReference; fileEncoding = 4; lastKnownFileType = sourcecode.c.h; path = SICellSelection.h; sourceTree = "<group>"; };
		E75533EB1B2C8E72004D7D59 /* SICellSelection.m */ = {isa = PBXFileReference; fileEncoding = 4; lastKnownFileType = sourcecode.c.objc; path = SICellSelection.m; sourceTree = "<group>"; };
		E75533EC1B2C8E72004D7D59 /* SIMenuButton.h */ = {isa = PBXFileReference; fileEncoding = 4; lastKnownFileType = sourcecode.c.h; path = SIMenuButton.h; sourceTree = "<group>"; };
		E75533ED1B2C8E72004D7D59 /* SIMenuButton.m */ = {isa = PBXFileReference; fileEncoding = 4; lastKnownFileType = sourcecode.c.objc; path = SIMenuButton.m; sourceTree = "<group>"; };
		E75533EE1B2C8E72004D7D59 /* SIMenuCell.h */ = {isa = PBXFileReference; fileEncoding = 4; lastKnownFileType = sourcecode.c.h; path = SIMenuCell.h; sourceTree = "<group>"; };
		E75533EF1B2C8E72004D7D59 /* SIMenuCell.m */ = {isa = PBXFileReference; fileEncoding = 4; lastKnownFileType = sourcecode.c.objc; path = SIMenuCell.m; sourceTree = "<group>"; };
		E75533F01B2C8E72004D7D59 /* SIMenuConfiguration.h */ = {isa = PBXFileReference; fileEncoding = 4; lastKnownFileType = sourcecode.c.h; path = SIMenuConfiguration.h; sourceTree = "<group>"; };
		E75533F11B2C8E72004D7D59 /* SIMenuConfiguration.m */ = {isa = PBXFileReference; fileEncoding = 4; lastKnownFileType = sourcecode.c.objc; path = SIMenuConfiguration.m; sourceTree = "<group>"; };
		E75533F21B2C8E72004D7D59 /* SIMenuTable.h */ = {isa = PBXFileReference; fileEncoding = 4; lastKnownFileType = sourcecode.c.h; path = SIMenuTable.h; sourceTree = "<group>"; };
		E75533F31B2C8E72004D7D59 /* SIMenuTable.m */ = {isa = PBXFileReference; fileEncoding = 4; lastKnownFileType = sourcecode.c.objc; path = SIMenuTable.m; sourceTree = "<group>"; };
		E75533F41B2C8E72004D7D59 /* SINavigationMenuView.h */ = {isa = PBXFileReference; fileEncoding = 4; lastKnownFileType = sourcecode.c.h; path = SINavigationMenuView.h; sourceTree = "<group>"; };
		E75533F51B2C8E72004D7D59 /* SINavigationMenuView.m */ = {isa = PBXFileReference; fileEncoding = 4; lastKnownFileType = sourcecode.c.objc; path = SINavigationMenuView.m; sourceTree = "<group>"; };
		E75533F61B2C8E72004D7D59 /* UIColor+Extension.h */ = {isa = PBXFileReference; fileEncoding = 4; lastKnownFileType = sourcecode.c.h; path = "UIColor+Extension.h"; sourceTree = "<group>"; };
		E75533F71B2C8E72004D7D59 /* UIColor+Extension.m */ = {isa = PBXFileReference; fileEncoding = 4; lastKnownFileType = sourcecode.c.objc; path = "UIColor+Extension.m"; sourceTree = "<group>"; };
		E75534031B2C999C004D7D59 /* BaiduMapAPI.framework */ = {isa = PBXFileReference; lastKnownFileType = wrapper.framework; name = BaiduMapAPI.framework; path = "../../../Downloads/BaiduMap_IOSSDK_v2.7.0_All/BaiduMap_IOSSDK_v2.7.0_Lib/Release-iphoneos/BaiduMapAPI.framework"; sourceTree = "<group>"; };
		E75534051B2C99DB004D7D59 /* CoreLocation.framework */ = {isa = PBXFileReference; lastKnownFileType = wrapper.framework; name = CoreLocation.framework; path = System/Library/Frameworks/CoreLocation.framework; sourceTree = SDKROOT; };
		E75534071B2C99E5004D7D59 /* QuartzCore.framework */ = {isa = PBXFileReference; lastKnownFileType = wrapper.framework; name = QuartzCore.framework; path = System/Library/Frameworks/QuartzCore.framework; sourceTree = SDKROOT; };
		E75534091B2C99ED004D7D59 /* OpenGLES.framework */ = {isa = PBXFileReference; lastKnownFileType = wrapper.framework; name = OpenGLES.framework; path = System/Library/Frameworks/OpenGLES.framework; sourceTree = SDKROOT; };
		E755340B1B2C99FC004D7D59 /* CoreGraphics.framework */ = {isa = PBXFileReference; lastKnownFileType = wrapper.framework; name = CoreGraphics.framework; path = System/Library/Frameworks/CoreGraphics.framework; sourceTree = SDKROOT; };
		E755340D1B2C9A5A004D7D59 /* mapapi.bundle */ = {isa = PBXFileReference; lastKnownFileType = "wrapper.plug-in"; name = mapapi.bundle; path = "../../../Downloads/BaiduMap_IOSSDK_v2.7.0_All/BaiduMap_IOSSDK_v2.7.0_Lib/Release-iphoneos/BaiduMapAPI.framework/Resources/mapapi.bundle"; sourceTree = "<group>"; };
		E75B20811B2F1D7200AE1C28 /* MyFavoriteViewController.h */ = {isa = PBXFileReference; fileEncoding = 4; lastKnownFileType = sourcecode.c.h; path = MyFavoriteViewController.h; sourceTree = "<group>"; };
		E75B20821B2F1D7200AE1C28 /* MyFavoriteViewController.m */ = {isa = PBXFileReference; fileEncoding = 4; lastKnownFileType = sourcecode.c.objc; path = MyFavoriteViewController.m; sourceTree = "<group>"; };
		E75B20871B2FAFE800AE1C28 /* FixInfoViewController.h */ = {isa = PBXFileReference; fileEncoding = 4; lastKnownFileType = sourcecode.c.h; path = FixInfoViewController.h; sourceTree = "<group>"; };
		E75B20881B2FAFE800AE1C28 /* FixInfoViewController.m */ = {isa = PBXFileReference; fileEncoding = 4; lastKnownFileType = sourcecode.c.objc; path = FixInfoViewController.m; sourceTree = "<group>"; };
		E75B208B1B2FB7D800AE1C28 /* BaiduMapViewController.h */ = {isa = PBXFileReference; fileEncoding = 4; lastKnownFileType = sourcecode.c.h; path = BaiduMapViewController.h; sourceTree = "<group>"; };
		E75B208C1B2FB7D800AE1C28 /* BaiduMapViewController.m */ = {isa = PBXFileReference; fileEncoding = 4; lastKnownFileType = sourcecode.c.objc; path = BaiduMapViewController.m; sourceTree = "<group>"; };
		E77E678F1B4BFED600EE369E /* AlipaySDK.bundle */ = {isa = PBXFileReference; lastKnownFileType = "wrapper.plug-in"; name = AlipaySDK.bundle; path = HaoCLZ/AlipaySDK.bundle; sourceTree = "<group>"; };
		E77E67911B4BFEE100EE369E /* AlipaySDK.framework */ = {isa = PBXFileReference; lastKnownFileType = wrapper.framework; name = AlipaySDK.framework; path = HaoCLZ/AlipaySDK.framework; sourceTree = "<group>"; };
		E77E67931B4BFF0100EE369E /* libcrypto.a */ = {isa = PBXFileReference; lastKnownFileType = archive.ar; path = libcrypto.a; sourceTree = "<group>"; };
		E77E67941B4BFF0100EE369E /* libssl.a */ = {isa = PBXFileReference; lastKnownFileType = archive.ar; path = libssl.a; sourceTree = "<group>"; };
		E77E67971B4BFF2400EE369E /* APAuthV2Info.h */ = {isa = PBXFileReference; fileEncoding = 4; lastKnownFileType = sourcecode.c.h; path = APAuthV2Info.h; sourceTree = "<group>"; };
		E77E67981B4BFF2400EE369E /* APAuthV2Info.m */ = {isa = PBXFileReference; fileEncoding = 4; lastKnownFileType = sourcecode.c.objc; path = APAuthV2Info.m; sourceTree = "<group>"; };
		E77E679B1B4BFF3100EE369E /* base64.h */ = {isa = PBXFileReference; fileEncoding = 4; lastKnownFileType = sourcecode.c.h; path = base64.h; sourceTree = "<group>"; };
		E77E679C1B4BFF3100EE369E /* base64.m */ = {isa = PBXFileReference; fileEncoding = 4; lastKnownFileType = sourcecode.c.objc; path = base64.m; sourceTree = "<group>"; };
		E77E679D1B4BFF3100EE369E /* config.h */ = {isa = PBXFileReference; fileEncoding = 4; lastKnownFileType = sourcecode.c.h; path = config.h; sourceTree = "<group>"; };
		E77E679E1B4BFF3100EE369E /* DataSigner.h */ = {isa = PBXFileReference; fileEncoding = 4; lastKnownFileType = sourcecode.c.h; path = DataSigner.h; sourceTree = "<group>"; };
		E77E679F1B4BFF3100EE369E /* DataSigner.m */ = {isa = PBXFileReference; fileEncoding = 4; lastKnownFileType = sourcecode.c.objc; path = DataSigner.m; sourceTree = "<group>"; };
		E77E67A01B4BFF3100EE369E /* DataVerifier.h */ = {isa = PBXFileReference; fileEncoding = 4; lastKnownFileType = sourcecode.c.h; path = DataVerifier.h; sourceTree = "<group>"; };
		E77E67A11B4BFF3100EE369E /* DataVerifier.m */ = {isa = PBXFileReference; fileEncoding = 4; lastKnownFileType = sourcecode.c.objc; path = DataVerifier.m; sourceTree = "<group>"; };
		E77E67A21B4BFF3100EE369E /* MD5DataSigner.h */ = {isa = PBXFileReference; fileEncoding = 4; lastKnownFileType = sourcecode.c.h; path = MD5DataSigner.h; sourceTree = "<group>"; };
		E77E67A31B4BFF3100EE369E /* MD5DataSigner.m */ = {isa = PBXFileReference; fileEncoding = 4; lastKnownFileType = sourcecode.c.objc; path = MD5DataSigner.m; sourceTree = "<group>"; };
		E77E67A41B4BFF3100EE369E /* NSDataEx.h */ = {isa = PBXFileReference; fileEncoding = 4; lastKnownFileType = sourcecode.c.h; path = NSDataEx.h; sourceTree = "<group>"; };
		E77E67A51B4BFF3100EE369E /* NSDataEx.m */ = {isa = PBXFileReference; fileEncoding = 4; lastKnownFileType = sourcecode.c.objc; path = NSDataEx.m; sourceTree = "<group>"; };
		E77E67A61B4BFF3100EE369E /* openssl_wrapper.h */ = {isa = PBXFileReference; fileEncoding = 4; lastKnownFileType = sourcecode.c.h; path = openssl_wrapper.h; sourceTree = "<group>"; };
		E77E67A71B4BFF3100EE369E /* openssl_wrapper.m */ = {isa = PBXFileReference; fileEncoding = 4; lastKnownFileType = sourcecode.c.objc; path = openssl_wrapper.m; sourceTree = "<group>"; };
		E77E67A81B4BFF3100EE369E /* RSADataSigner.h */ = {isa = PBXFileReference; fileEncoding = 4; lastKnownFileType = sourcecode.c.h; path = RSADataSigner.h; sourceTree = "<group>"; };
		E77E67A91B4BFF3100EE369E /* RSADataSigner.m */ = {isa = PBXFileReference; fileEncoding = 4; lastKnownFileType = sourcecode.c.objc; path = RSADataSigner.m; sourceTree = "<group>"; };
		E77E67AA1B4BFF3100EE369E /* RSADataVerifier.h */ = {isa = PBXFileReference; fileEncoding = 4; lastKnownFileType = sourcecode.c.h; path = RSADataVerifier.h; sourceTree = "<group>"; };
		E77E67AB1B4BFF3100EE369E /* RSADataVerifier.m */ = {isa = PBXFileReference; fileEncoding = 4; lastKnownFileType = sourcecode.c.objc; path = RSADataVerifier.m; sourceTree = "<group>"; };
		E77E67B51B4BFF3D00EE369E /* aes.h */ = {isa = PBXFileReference; fileEncoding = 4; lastKnownFileType = sourcecode.c.h; path = aes.h; sourceTree = "<group>"; };
		E77E67B61B4BFF3D00EE369E /* asn1.h */ = {isa = PBXFileReference; fileEncoding = 4; lastKnownFileType = sourcecode.c.h; path = asn1.h; sourceTree = "<group>"; };
		E77E67B71B4BFF3D00EE369E /* asn1_mac.h */ = {isa = PBXFileReference; fileEncoding = 4; lastKnownFileType = sourcecode.c.h; path = asn1_mac.h; sourceTree = "<group>"; };
		E77E67B81B4BFF3D00EE369E /* asn1t.h */ = {isa = PBXFileReference; fileEncoding = 4; lastKnownFileType = sourcecode.c.h; path = asn1t.h; sourceTree = "<group>"; };
		E77E67B91B4BFF3D00EE369E /* bio.h */ = {isa = PBXFileReference; fileEncoding = 4; lastKnownFileType = sourcecode.c.h; path = bio.h; sourceTree = "<group>"; };
		E77E67BA1B4BFF3D00EE369E /* blowfish.h */ = {isa = PBXFileReference; fileEncoding = 4; lastKnownFileType = sourcecode.c.h; path = blowfish.h; sourceTree = "<group>"; };
		E77E67BB1B4BFF3D00EE369E /* bn.h */ = {isa = PBXFileReference; fileEncoding = 4; lastKnownFileType = sourcecode.c.h; path = bn.h; sourceTree = "<group>"; };
		E77E67BC1B4BFF3D00EE369E /* buffer.h */ = {isa = PBXFileReference; fileEncoding = 4; lastKnownFileType = sourcecode.c.h; path = buffer.h; sourceTree = "<group>"; };
		E77E67BD1B4BFF3D00EE369E /* camellia.h */ = {isa = PBXFileReference; fileEncoding = 4; lastKnownFileType = sourcecode.c.h; path = camellia.h; sourceTree = "<group>"; };
		E77E67BE1B4BFF3D00EE369E /* cast.h */ = {isa = PBXFileReference; fileEncoding = 4; lastKnownFileType = sourcecode.c.h; path = cast.h; sourceTree = "<group>"; };
		E77E67BF1B4BFF3D00EE369E /* cmac.h */ = {isa = PBXFileReference; fileEncoding = 4; lastKnownFileType = sourcecode.c.h; path = cmac.h; sourceTree = "<group>"; };
		E77E67C01B4BFF3D00EE369E /* cms.h */ = {isa = PBXFileReference; fileEncoding = 4; lastKnownFileType = sourcecode.c.h; path = cms.h; sourceTree = "<group>"; };
		E77E67C11B4BFF3D00EE369E /* comp.h */ = {isa = PBXFileReference; fileEncoding = 4; lastKnownFileType = sourcecode.c.h; path = comp.h; sourceTree = "<group>"; };
		E77E67C21B4BFF3D00EE369E /* conf.h */ = {isa = PBXFileReference; fileEncoding = 4; lastKnownFileType = sourcecode.c.h; path = conf.h; sourceTree = "<group>"; };
		E77E67C31B4BFF3D00EE369E /* conf_api.h */ = {isa = PBXFileReference; fileEncoding = 4; lastKnownFileType = sourcecode.c.h; path = conf_api.h; sourceTree = "<group>"; };
		E77E67C41B4BFF3D00EE369E /* crypto.h */ = {isa = PBXFileReference; fileEncoding = 4; lastKnownFileType = sourcecode.c.h; path = crypto.h; sourceTree = "<group>"; };
		E77E67C51B4BFF3D00EE369E /* des.h */ = {isa = PBXFileReference; fileEncoding = 4; lastKnownFileType = sourcecode.c.h; path = des.h; sourceTree = "<group>"; };
		E77E67C61B4BFF3D00EE369E /* des_old.h */ = {isa = PBXFileReference; fileEncoding = 4; lastKnownFileType = sourcecode.c.h; path = des_old.h; sourceTree = "<group>"; };
		E77E67C71B4BFF3D00EE369E /* dh.h */ = {isa = PBXFileReference; fileEncoding = 4; lastKnownFileType = sourcecode.c.h; path = dh.h; sourceTree = "<group>"; };
		E77E67C81B4BFF3D00EE369E /* dsa.h */ = {isa = PBXFileReference; fileEncoding = 4; lastKnownFileType = sourcecode.c.h; path = dsa.h; sourceTree = "<group>"; };
		E77E67C91B4BFF3D00EE369E /* dso.h */ = {isa = PBXFileReference; fileEncoding = 4; lastKnownFileType = sourcecode.c.h; path = dso.h; sourceTree = "<group>"; };
		E77E67CA1B4BFF3D00EE369E /* dtls1.h */ = {isa = PBXFileReference; fileEncoding = 4; lastKnownFileType = sourcecode.c.h; path = dtls1.h; sourceTree = "<group>"; };
		E77E67CB1B4BFF3D00EE369E /* e_os2.h */ = {isa = PBXFileReference; fileEncoding = 4; lastKnownFileType = sourcecode.c.h; path = e_os2.h; sourceTree = "<group>"; };
		E77E67CC1B4BFF3D00EE369E /* ebcdic.h */ = {isa = PBXFileReference; fileEncoding = 4; lastKnownFileType = sourcecode.c.h; path = ebcdic.h; sourceTree = "<group>"; };
		E77E67CD1B4BFF3D00EE369E /* ec.h */ = {isa = PBXFileReference; fileEncoding = 4; lastKnownFileType = sourcecode.c.h; path = ec.h; sourceTree = "<group>"; };
		E77E67CE1B4BFF3D00EE369E /* ecdh.h */ = {isa = PBXFileReference; fileEncoding = 4; lastKnownFileType = sourcecode.c.h; path = ecdh.h; sourceTree = "<group>"; };
		E77E67CF1B4BFF3D00EE369E /* ecdsa.h */ = {isa = PBXFileReference; fileEncoding = 4; lastKnownFileType = sourcecode.c.h; path = ecdsa.h; sourceTree = "<group>"; };
		E77E67D01B4BFF3D00EE369E /* engine.h */ = {isa = PBXFileReference; fileEncoding = 4; lastKnownFileType = sourcecode.c.h; path = engine.h; sourceTree = "<group>"; };
		E77E67D11B4BFF3D00EE369E /* err.h */ = {isa = PBXFileReference; fileEncoding = 4; lastKnownFileType = sourcecode.c.h; path = err.h; sourceTree = "<group>"; };
		E77E67D21B4BFF3D00EE369E /* evp.h */ = {isa = PBXFileReference; fileEncoding = 4; lastKnownFileType = sourcecode.c.h; path = evp.h; sourceTree = "<group>"; };
		E77E67D31B4BFF3D00EE369E /* hmac.h */ = {isa = PBXFileReference; fileEncoding = 4; lastKnownFileType = sourcecode.c.h; path = hmac.h; sourceTree = "<group>"; };
		E77E67D41B4BFF3D00EE369E /* idea.h */ = {isa = PBXFileReference; fileEncoding = 4; lastKnownFileType = sourcecode.c.h; path = idea.h; sourceTree = "<group>"; };
		E77E67D51B4BFF3D00EE369E /* krb5_asn.h */ = {isa = PBXFileReference; fileEncoding = 4; lastKnownFileType = sourcecode.c.h; path = krb5_asn.h; sourceTree = "<group>"; };
		E77E67D61B4BFF3D00EE369E /* kssl.h */ = {isa = PBXFileReference; fileEncoding = 4; lastKnownFileType = sourcecode.c.h; path = kssl.h; sourceTree = "<group>"; };
		E77E67D71B4BFF3D00EE369E /* lhash.h */ = {isa = PBXFileReference; fileEncoding = 4; lastKnownFileType = sourcecode.c.h; path = lhash.h; sourceTree = "<group>"; };
		E77E67D81B4BFF3D00EE369E /* md4.h */ = {isa = PBXFileReference; fileEncoding = 4; lastKnownFileType = sourcecode.c.h; path = md4.h; sourceTree = "<group>"; };
		E77E67D91B4BFF3D00EE369E /* md5.h */ = {isa = PBXFileReference; fileEncoding = 4; lastKnownFileType = sourcecode.c.h; path = md5.h; sourceTree = "<group>"; };
		E77E67DA1B4BFF3D00EE369E /* mdc2.h */ = {isa = PBXFileReference; fileEncoding = 4; lastKnownFileType = sourcecode.c.h; path = mdc2.h; sourceTree = "<group>"; };
		E77E67DB1B4BFF3D00EE369E /* modes.h */ = {isa = PBXFileReference; fileEncoding = 4; lastKnownFileType = sourcecode.c.h; path = modes.h; sourceTree = "<group>"; };
		E77E67DC1B4BFF3D00EE369E /* obj_mac.h */ = {isa = PBXFileReference; fileEncoding = 4; lastKnownFileType = sourcecode.c.h; path = obj_mac.h; sourceTree = "<group>"; };
		E77E67DD1B4BFF3D00EE369E /* objects.h */ = {isa = PBXFileReference; fileEncoding = 4; lastKnownFileType = sourcecode.c.h; path = objects.h; sourceTree = "<group>"; };
		E77E67DE1B4BFF3D00EE369E /* ocsp.h */ = {isa = PBXFileReference; fileEncoding = 4; lastKnownFileType = sourcecode.c.h; path = ocsp.h; sourceTree = "<group>"; };
		E77E67DF1B4BFF3D00EE369E /* opensslconf.h */ = {isa = PBXFileReference; fileEncoding = 4; lastKnownFileType = sourcecode.c.h; path = opensslconf.h; sourceTree = "<group>"; };
		E77E67E01B4BFF3D00EE369E /* opensslv.h */ = {isa = PBXFileReference; fileEncoding = 4; lastKnownFileType = sourcecode.c.h; path = opensslv.h; sourceTree = "<group>"; };
		E77E67E11B4BFF3D00EE369E /* ossl_typ.h */ = {isa = PBXFileReference; fileEncoding = 4; lastKnownFileType = sourcecode.c.h; path = ossl_typ.h; sourceTree = "<group>"; };
		E77E67E21B4BFF3D00EE369E /* pem.h */ = {isa = PBXFileReference; fileEncoding = 4; lastKnownFileType = sourcecode.c.h; path = pem.h; sourceTree = "<group>"; };
		E77E67E31B4BFF3D00EE369E /* pem2.h */ = {isa = PBXFileReference; fileEncoding = 4; lastKnownFileType = sourcecode.c.h; path = pem2.h; sourceTree = "<group>"; };
		E77E67E41B4BFF3D00EE369E /* pkcs12.h */ = {isa = PBXFileReference; fileEncoding = 4; lastKnownFileType = sourcecode.c.h; path = pkcs12.h; sourceTree = "<group>"; };
		E77E67E51B4BFF3D00EE369E /* pkcs7.h */ = {isa = PBXFileReference; fileEncoding = 4; lastKnownFileType = sourcecode.c.h; path = pkcs7.h; sourceTree = "<group>"; };
		E77E67E61B4BFF3D00EE369E /* pqueue.h */ = {isa = PBXFileReference; fileEncoding = 4; lastKnownFileType = sourcecode.c.h; path = pqueue.h; sourceTree = "<group>"; };
		E77E67E71B4BFF3D00EE369E /* rand.h */ = {isa = PBXFileReference; fileEncoding = 4; lastKnownFileType = sourcecode.c.h; path = rand.h; sourceTree = "<group>"; };
		E77E67E81B4BFF3D00EE369E /* rc2.h */ = {isa = PBXFileReference; fileEncoding = 4; lastKnownFileType = sourcecode.c.h; path = rc2.h; sourceTree = "<group>"; };
		E77E67E91B4BFF3D00EE369E /* rc4.h */ = {isa = PBXFileReference; fileEncoding = 4; lastKnownFileType = sourcecode.c.h; path = rc4.h; sourceTree = "<group>"; };
		E77E67EA1B4BFF3D00EE369E /* ripemd.h */ = {isa = PBXFileReference; fileEncoding = 4; lastKnownFileType = sourcecode.c.h; path = ripemd.h; sourceTree = "<group>"; };
		E77E67EB1B4BFF3D00EE369E /* rsa.h */ = {isa = PBXFileReference; fileEncoding = 4; lastKnownFileType = sourcecode.c.h; path = rsa.h; sourceTree = "<group>"; };
		E77E67EC1B4BFF3D00EE369E /* safestack.h */ = {isa = PBXFileReference; fileEncoding = 4; lastKnownFileType = sourcecode.c.h; path = safestack.h; sourceTree = "<group>"; };
		E77E67ED1B4BFF3D00EE369E /* seed.h */ = {isa = PBXFileReference; fileEncoding = 4; lastKnownFileType = sourcecode.c.h; path = seed.h; sourceTree = "<group>"; };
		E77E67EE1B4BFF3D00EE369E /* sha.h */ = {isa = PBXFileReference; fileEncoding = 4; lastKnownFileType = sourcecode.c.h; path = sha.h; sourceTree = "<group>"; };
		E77E67EF1B4BFF3D00EE369E /* srp.h */ = {isa = PBXFileReference; fileEncoding = 4; lastKnownFileType = sourcecode.c.h; path = srp.h; sourceTree = "<group>"; };
		E77E67F01B4BFF3D00EE369E /* srtp.h */ = {isa = PBXFileReference; fileEncoding = 4; lastKnownFileType = sourcecode.c.h; path = srtp.h; sourceTree = "<group>"; };
		E77E67F11B4BFF3D00EE369E /* ssl.h */ = {isa = PBXFileReference; fileEncoding = 4; lastKnownFileType = sourcecode.c.h; path = ssl.h; sourceTree = "<group>"; };
		E77E67F21B4BFF3D00EE369E /* ssl2.h */ = {isa = PBXFileReference; fileEncoding = 4; lastKnownFileType = sourcecode.c.h; path = ssl2.h; sourceTree = "<group>"; };
		E77E67F31B4BFF3D00EE369E /* ssl23.h */ = {isa = PBXFileReference; fileEncoding = 4; lastKnownFileType = sourcecode.c.h; path = ssl23.h; sourceTree = "<group>"; };
		E77E67F41B4BFF3D00EE369E /* ssl3.h */ = {isa = PBXFileReference; fileEncoding = 4; lastKnownFileType = sourcecode.c.h; path = ssl3.h; sourceTree = "<group>"; };
		E77E67F51B4BFF3D00EE369E /* stack.h */ = {isa = PBXFileReference; fileEncoding = 4; lastKnownFileType = sourcecode.c.h; path = stack.h; sourceTree = "<group>"; };
		E77E67F61B4BFF3D00EE369E /* symhacks.h */ = {isa = PBXFileReference; fileEncoding = 4; lastKnownFileType = sourcecode.c.h; path = symhacks.h; sourceTree = "<group>"; };
		E77E67F71B4BFF3D00EE369E /* tls1.h */ = {isa = PBXFileReference; fileEncoding = 4; lastKnownFileType = sourcecode.c.h; path = tls1.h; sourceTree = "<group>"; };
		E77E67F81B4BFF3D00EE369E /* ts.h */ = {isa = PBXFileReference; fileEncoding = 4; lastKnownFileType = sourcecode.c.h; path = ts.h; sourceTree = "<group>"; };
		E77E67F91B4BFF3D00EE369E /* txt_db.h */ = {isa = PBXFileReference; fileEncoding = 4; lastKnownFileType = sourcecode.c.h; path = txt_db.h; sourceTree = "<group>"; };
		E77E67FA1B4BFF3D00EE369E /* ui.h */ = {isa = PBXFileReference; fileEncoding = 4; lastKnownFileType = sourcecode.c.h; path = ui.h; sourceTree = "<group>"; };
		E77E67FB1B4BFF3D00EE369E /* ui_compat.h */ = {isa = PBXFileReference; fileEncoding = 4; lastKnownFileType = sourcecode.c.h; path = ui_compat.h; sourceTree = "<group>"; };
		E77E67FC1B4BFF3D00EE369E /* whrlpool.h */ = {isa = PBXFileReference; fileEncoding = 4; lastKnownFileType = sourcecode.c.h; path = whrlpool.h; sourceTree = "<group>"; };
		E77E67FD1B4BFF3D00EE369E /* x509.h */ = {isa = PBXFileReference; fileEncoding = 4; lastKnownFileType = sourcecode.c.h; path = x509.h; sourceTree = "<group>"; };
		E77E67FE1B4BFF3D00EE369E /* x509_vfy.h */ = {isa = PBXFileReference; fileEncoding = 4; lastKnownFileType = sourcecode.c.h; path = x509_vfy.h; sourceTree = "<group>"; };
		E77E67FF1B4BFF3D00EE369E /* x509v3.h */ = {isa = PBXFileReference; fileEncoding = 4; lastKnownFileType = sourcecode.c.h; path = x509v3.h; sourceTree = "<group>"; };
		E77E68031B4BFF6400EE369E /* Order.h */ = {isa = PBXFileReference; fileEncoding = 4; lastKnownFileType = sourcecode.c.h; path = Order.h; sourceTree = "<group>"; };
		E77E68041B4BFF6400EE369E /* Order.m */ = {isa = PBXFileReference; fileEncoding = 4; lastKnownFileType = sourcecode.c.objc; path = Order.m; sourceTree = "<group>"; };
		E77E68061B4C002200EE369E /* libz.dylib */ = {isa = PBXFileReference; lastKnownFileType = "compiled.mach-o.dylib"; name = libz.dylib; path = usr/lib/libz.dylib; sourceTree = SDKROOT; };
		E7CA62871B40D09500A70B4B /* MBProgressHUD.h */ = {isa = PBXFileReference; fileEncoding = 4; lastKnownFileType = sourcecode.c.h; path = MBProgressHUD.h; sourceTree = "<group>"; };
		E7CA62881B40D09500A70B4B /* MBProgressHUD.m */ = {isa = PBXFileReference; fileEncoding = 4; lastKnownFileType = sourcecode.c.objc; path = MBProgressHUD.m; sourceTree = "<group>"; };
		E7D084EB1B3AE5870050832C /* arrow_down2.png */ = {isa = PBXFileReference; lastKnownFileType = image.png; path = arrow_down2.png; sourceTree = "<group>"; };
		E7D084EC1B3AE5870050832C /* arrow_down2@2x.png */ = {isa = PBXFileReference; lastKnownFileType = image.png; path = "arrow_down2@2x.png"; sourceTree = "<group>"; };
		E7EB59761B2DAFC500908A74 /* OrderLIstViewController.h */ = {isa = PBXFileReference; fileEncoding = 4; lastKnownFileType = sourcecode.c.h; path = OrderLIstViewController.h; sourceTree = "<group>"; };
		E7EB59771B2DAFC500908A74 /* OrderLIstViewController.m */ = {isa = PBXFileReference; fileEncoding = 4; lastKnownFileType = sourcecode.c.objc; path = OrderLIstViewController.m; sourceTree = "<group>"; };
		E7EB59791B2DAFD900908A74 /* OrderDetailViewController.h */ = {isa = PBXFileReference; fileEncoding = 4; lastKnownFileType = sourcecode.c.h; path = OrderDetailViewController.h; sourceTree = "<group>"; };
		E7EB597A1B2DAFD900908A74 /* OrderDetailViewController.m */ = {isa = PBXFileReference; fileEncoding = 4; lastKnownFileType = sourcecode.c.objc; path = OrderDetailViewController.m; sourceTree = "<group>"; };
		E7EB597C1B2DB0BA00908A74 /* OrderListTableViewCell.h */ = {isa = PBXFileReference; fileEncoding = 4; lastKnownFileType = sourcecode.c.h; path = OrderListTableViewCell.h; sourceTree = "<group>"; };
		E7EB597D1B2DB0BA00908A74 /* OrderListTableViewCell.m */ = {isa = PBXFileReference; fileEncoding = 4; lastKnownFileType = sourcecode.c.objc; path = OrderListTableViewCell.m; sourceTree = "<group>"; };
		E7EB59801B2E7FA700908A74 /* DSFoodViewController.h */ = {isa = PBXFileReference; fileEncoding = 4; lastKnownFileType = sourcecode.c.h; path = DSFoodViewController.h; sourceTree = "<group>"; };
		E7EB59811B2E7FA700908A74 /* DSFoodViewController.m */ = {isa = PBXFileReference; fileEncoding = 4; lastKnownFileType = sourcecode.c.objc; path = DSFoodViewController.m; sourceTree = "<group>"; };
/* End PBXFileReference section */

/* Begin PBXFrameworksBuildPhase section */
		E70F47B81B256BDB00686D48 /* Frameworks */ = {
			isa = PBXFrameworksBuildPhase;
			buildActionMask = 2147483647;
			files = (
				E77E68071B4C002200EE369E /* libz.dylib in Frameworks */,
				E755340C1B2C99FC004D7D59 /* CoreGraphics.framework in Frameworks */,
				E77E67921B4BFEE100EE369E /* AlipaySDK.framework in Frameworks */,
				E70F48141B25811100686D48 /* SystemConfiguration.framework in Frameworks */,
				E755340A1B2C99ED004D7D59 /* OpenGLES.framework in Frameworks */,
				E75534081B2C99E5004D7D59 /* QuartzCore.framework in Frameworks */,
				E75534061B2C99DB004D7D59 /* CoreLocation.framework in Frameworks */,
				E77E67951B4BFF0100EE369E /* libcrypto.a in Frameworks */,
				E70F48101B2580F700686D48 /* Security.framework in Frameworks */,
				E77E67961B4BFF0100EE369E /* libssl.a in Frameworks */,
				E75534041B2C999C004D7D59 /* BaiduMapAPI.framework in Frameworks */,
				E70F48161B25811800686D48 /* CFNetwork.framework in Frameworks */,
				E70F48121B25810900686D48 /* ImageIO.framework in Frameworks */,
			);
			runOnlyForDeploymentPostprocessing = 0;
		};
/* End PBXFrameworksBuildPhase section */

/* Begin PBXGroup section */
		E7049B821B3C1D8C00AAFBC7 /* 关于我们 */ = {
			isa = PBXGroup;
			children = (
				E7049B831B3C1DA400AAFBC7 /* AboutUsViewController.h */,
				E7049B841B3C1DA400AAFBC7 /* AboutUsViewController.m */,
			);
			name = "关于我们";
			sourceTree = "<group>";
		};
		E7049B8A1B3C433800AAFBC7 /* SDWebImage */ = {
			isa = PBXGroup;
			children = (
				E7049B8B1B3C433800AAFBC7 /* MKAnnotationView+WebCache.h */,
				E7049B8C1B3C433800AAFBC7 /* MKAnnotationView+WebCache.m */,
				E7049B8D1B3C433800AAFBC7 /* NSData+ImageContentType.h */,
				E7049B8E1B3C433800AAFBC7 /* NSData+ImageContentType.m */,
				E7049B8F1B3C433800AAFBC7 /* SDImageCache.h */,
				E7049B901B3C433800AAFBC7 /* SDImageCache.m */,
				E7049B911B3C433800AAFBC7 /* SDWebImageCompat.h */,
				E7049B921B3C433800AAFBC7 /* SDWebImageCompat.m */,
				E7049B931B3C433800AAFBC7 /* SDWebImageDecoder.h */,
				E7049B941B3C433800AAFBC7 /* SDWebImageDecoder.m */,
				E7049B951B3C433800AAFBC7 /* SDWebImageDownloader.h */,
				E7049B961B3C433800AAFBC7 /* SDWebImageDownloader.m */,
				E7049B971B3C433800AAFBC7 /* SDWebImageDownloaderOperation.h */,
				E7049B981B3C433800AAFBC7 /* SDWebImageDownloaderOperation.m */,
				E7049B991B3C433800AAFBC7 /* SDWebImageManager.h */,
				E7049B9A1B3C433800AAFBC7 /* SDWebImageManager.m */,
				E7049B9B1B3C433800AAFBC7 /* SDWebImageOperation.h */,
				E7049B9C1B3C433800AAFBC7 /* SDWebImagePrefetcher.h */,
				E7049B9D1B3C433800AAFBC7 /* SDWebImagePrefetcher.m */,
				E7049B9E1B3C433800AAFBC7 /* UIButton+WebCache.h */,
				E7049B9F1B3C433800AAFBC7 /* UIButton+WebCache.m */,
				E7049BA01B3C433800AAFBC7 /* UIImage+GIF.h */,
				E7049BA11B3C433800AAFBC7 /* UIImage+GIF.m */,
				E7049BA21B3C433800AAFBC7 /* UIImage+MultiFormat.h */,
				E7049BA31B3C433800AAFBC7 /* UIImage+MultiFormat.m */,
				E7049BA41B3C433800AAFBC7 /* UIImage+WebP.h */,
				E7049BA51B3C433800AAFBC7 /* UIImage+WebP.m */,
				E7049BA61B3C433800AAFBC7 /* UIImageView+HighlightedWebCache.h */,
				E7049BA71B3C433800AAFBC7 /* UIImageView+HighlightedWebCache.m */,
				E7049BA81B3C433800AAFBC7 /* UIImageView+WebCache.h */,
				E7049BA91B3C433800AAFBC7 /* UIImageView+WebCache.m */,
				E7049BAA1B3C433800AAFBC7 /* UIView+WebCacheOperation.h */,
				E7049BAB1B3C433800AAFBC7 /* UIView+WebCacheOperation.m */,
			);
			path = SDWebImage;
			sourceTree = "<group>";
		};
		E70F47B21B256BDB00686D48 = {
			isa = PBXGroup;
			children = (
				E77E678F1B4BFED600EE369E /* AlipaySDK.bundle */,
				E755340D1B2C9A5A004D7D59 /* mapapi.bundle */,
				E70F482A1B269BA000686D48 /* framworks */,
				E70F47BD1B256BDB00686D48 /* HaoCLZ */,
				E70F47D71B256BDB00686D48 /* HaoCLZTests */,
				E70F47BC1B256BDB00686D48 /* Products */,
			);
			sourceTree = "<group>";
		};
		E70F47BC1B256BDB00686D48 /* Products */ = {
			isa = PBXGroup;
			children = (
				E70F47BB1B256BDB00686D48 /* HaoCLZ.app */,
			);
			name = Products;
			sourceTree = "<group>";
		};
		E70F47BD1B256BDB00686D48 /* HaoCLZ */ = {
			isa = PBXGroup;
			children = (
				E7DC213F1B4BCE7F0010352B /* 支付宝 */,
				E7049B821B3C1D8C00AAFBC7 /* 关于我们 */,
				E75B208A1B2FB74500AE1C28 /* 百度地图 */,
				E75B20801B2F1D4300AE1C28 /* 我的收藏 */,
				E7EB597F1B2E7F3100908A74 /* 电子商城 */,
				E7EB59751B2CC1BA00908A74 /* 订单 */,
				E75533D61B2C4D14004D7D59 /* 用户管理 */,
				E70F48911B2AC0FB00686D48 /* 登录注册 */,
				E70F48871B29531F00686D48 /* 购物车+结算 */,
				E70F482B1B27D6BA00686D48 /* 周边美食 */,
				E70F48261B26711200686D48 /* CustomViewController */,
				E75533E41B2C8E72004D7D59 /* NavigationMenuView */,
				E70F48181B26710300686D48 /* JKSideSlipView */,
				E70F47E41B25802B00686D48 /* MKNetworkKit */,
				E7049B8A1B3C433800AAFBC7 /* SDWebImage */,
				E7CA62861B40D07900A70B4B /* MBProgressHUD */,
				E70F47C21B256BDB00686D48 /* AppDelegate.h */,
				E70F47C31B256BDB00686D48 /* AppDelegate.mm */,
				E70F47C81B256BDB00686D48 /* Main.storyboard */,
				E70F47CB1B256BDB00686D48 /* Images.xcassets */,
				E70F47BE1B256BDB00686D48 /* Supporting Files */,
				E7049B861B3C259300AAFBC7 /* LaunchSreenView.h */,
				E7049B871B3C259300AAFBC7 /* LaunchSreenView.m */,
				E7049B891B3C308C00AAFBC7 /* GlobalDefine.h */,
			);
			path = HaoCLZ;
			sourceTree = "<group>";
		};
		E70F47BE1B256BDB00686D48 /* Supporting Files */ = {
			isa = PBXGroup;
			children = (
				E70F47BF1B256BDB00686D48 /* Info.plist */,
				E70F48171B25889F00686D48 /* PrefixHeader.pch */,
				E70F47C01B256BDB00686D48 /* main.m */,
			);
			name = "Supporting Files";
			sourceTree = "<group>";
		};
		E70F47D71B256BDB00686D48 /* HaoCLZTests */ = {
			isa = PBXGroup;
			children = (
				E70F47DA1B256BDB00686D48 /* HaoCLZTests.m */,
				E70F47D81B256BDB00686D48 /* Supporting Files */,
			);
			path = HaoCLZTests;
			sourceTree = "<group>";
		};
		E70F47D81B256BDB00686D48 /* Supporting Files */ = {
			isa = PBXGroup;
			children = (
				E70F47D91B256BDB00686D48 /* Info.plist */,
			);
			name = "Supporting Files";
			sourceTree = "<group>";
		};
		E70F47E41B25802B00686D48 /* MKNetworkKit */ = {
			isa = PBXGroup;
			children = (
				E70F47E51B25802B00686D48 /* Categories */,
				E70F47F41B25802B00686D48 /* MKNetworkEngine.h */,
				E70F47F51B25802B00686D48 /* MKNetworkEngine.m */,
				E70F47F61B25802B00686D48 /* MKNetworkKit.h */,
				E70F47F71B25802B00686D48 /* MKNetworkOperation.h */,
				E70F47F81B25802B00686D48 /* MKNetworkOperation.m */,
				E70F47F91B25802B00686D48 /* Reachability */,
			);
			path = MKNetworkKit;
			sourceTree = "<group>";
		};
		E70F47E51B25802B00686D48 /* Categories */ = {
			isa = PBXGroup;
			children = (
				E70F47E61B25802B00686D48 /* NSAlert+MKNetworkKitAdditions.h */,
				E70F47E71B25802B00686D48 /* NSAlert+MKNetworkKitAdditions.m */,
				E70F47E81B25802B00686D48 /* NSData+MKBase64.h */,
				E70F47E91B25802B00686D48 /* NSData+MKBase64.m */,
				E70F47EA1B25802B00686D48 /* NSDate+RFC1123.h */,
				E70F47EB1B25802B00686D48 /* NSDate+RFC1123.m */,
				E70F47EC1B25802B00686D48 /* NSDictionary+RequestEncoding.h */,
				E70F47ED1B25802B00686D48 /* NSDictionary+RequestEncoding.m */,
				E70F47EE1B25802B00686D48 /* NSString+MKNetworkKitAdditions.h */,
				E70F47EF1B25802B00686D48 /* NSString+MKNetworkKitAdditions.m */,
				E70F47F01B25802B00686D48 /* UIAlertView+MKNetworkKitAdditions.h */,
				E70F47F11B25802B00686D48 /* UIAlertView+MKNetworkKitAdditions.m */,
				E70F47F21B25802B00686D48 /* UIImageView+MKNetworkKitAdditions.h */,
				E70F47F31B25802B00686D48 /* UIImageView+MKNetworkKitAdditions.m */,
			);
			path = Categories;
			sourceTree = "<group>";
		};
		E70F47F91B25802B00686D48 /* Reachability */ = {
			isa = PBXGroup;
			children = (
				E70F47FA1B25802B00686D48 /* Reachability.h */,
				E70F47FB1B25802B00686D48 /* Reachability.m */,
			);
			path = Reachability;
			sourceTree = "<group>";
		};
		E70F48181B26710300686D48 /* JKSideSlipView */ = {
			isa = PBXGroup;
			children = (
				E70F48191B26710300686D48 /* JKSideSlipView.h */,
				E70F481A1B26710300686D48 /* JKSideSlipView.m */,
				E70F481B1B26710300686D48 /* MenuCell.h */,
				E70F481C1B26710300686D48 /* MenuCell.m */,
				E70F481D1B26710300686D48 /* MenuCell.xib */,
				E70F481E1B26710300686D48 /* MenuView.h */,
				E70F481F1B26710300686D48 /* MenuView.m */,
				E70F48201B26710300686D48 /* MenuView.xib */,
			);
			path = JKSideSlipView;
			sourceTree = "<group>";
		};
		E70F48261B26711200686D48 /* CustomViewController */ = {
			isa = PBXGroup;
			children = (
				E70F48271B26716C00686D48 /* CustomViewController.h */,
				E70F48281B26716C00686D48 /* CustomViewController.m */,
			);
			name = CustomViewController;
			sourceTree = "<group>";
		};
		E70F482A1B269BA000686D48 /* framworks */ = {
			isa = PBXGroup;
			children = (
				E77E68061B4C002200EE369E /* libz.dylib */,
				E77E67931B4BFF0100EE369E /* libcrypto.a */,
				E77E67941B4BFF0100EE369E /* libssl.a */,
				E77E67911B4BFEE100EE369E /* AlipaySDK.framework */,
				E755340B1B2C99FC004D7D59 /* CoreGraphics.framework */,
				E75534091B2C99ED004D7D59 /* OpenGLES.framework */,
				E75534071B2C99E5004D7D59 /* QuartzCore.framework */,
				E75534051B2C99DB004D7D59 /* CoreLocation.framework */,
				E75534031B2C999C004D7D59 /* BaiduMapAPI.framework */,
				E70F48151B25811800686D48 /* CFNetwork.framework */,
				E70F48131B25811100686D48 /* SystemConfiguration.framework */,
				E70F48111B25810900686D48 /* ImageIO.framework */,
				E70F480F1B2580F700686D48 /* Security.framework */,
			);
			name = framworks;
			sourceTree = "<group>";
		};
		E70F482B1B27D6BA00686D48 /* 周边美食 */ = {
			isa = PBXGroup;
			children = (
				E70F48351B28170E00686D48 /* NearByViewController.h */,
				E70F48361B28170E00686D48 /* NearByViewController.m */,
				E70F48321B27E00C00686D48 /* NearByTableViewCell.h */,
				E70F48331B27E00C00686D48 /* NearByTableViewCell.m */,
				E70F487D1B28390500686D48 /* FoodViewController.h */,
				E70F487E1B28390500686D48 /* FoodViewController.m */,
				E70F48801B283C5200686D48 /* FoodTableViewCell.h */,
				E70F48811B283C5200686D48 /* FoodTableViewCell.m */,
				E75533DD1B2C5AB7004D7D59 /* FoodDetailViewController.h */,
				E75533DE1B2C5AB7004D7D59 /* FoodDetailViewController.m */,
			);
			name = "周边美食";
			sourceTree = "<group>";
		};
		E70F48871B29531F00686D48 /* 购物车+结算 */ = {
			isa = PBXGroup;
			children = (
				E70F48881B29537C00686D48 /* ShopCarViewController.h */,
				E70F48891B29537C00686D48 /* ShopCarViewController.m */,
				E70F488B1B2953DC00686D48 /* BalanceViewController.h */,
				E70F488C1B2953DC00686D48 /* BalanceViewController.m */,
				E70F488E1B298B2500686D48 /* ShopCarTableViewCell.h */,
				E70F488F1B298B2500686D48 /* ShopCarTableViewCell.m */,
				E75B20871B2FAFE800AE1C28 /* FixInfoViewController.h */,
				E75B20881B2FAFE800AE1C28 /* FixInfoViewController.m */,
			);
			name = "购物车+结算";
			sourceTree = "<group>";
		};
		E70F48911B2AC0FB00686D48 /* 登录注册 */ = {
			isa = PBXGroup;
			children = (
				E70F48921B2B279700686D48 /* RegisterViewController.h */,
				E70F48931B2B279700686D48 /* RegisterViewController.m */,
				E70F48961B2B2F7400686D48 /* LoginViewController.h */,
				E70F48971B2B2F7400686D48 /* LoginViewController.m */,
				E70F489A1B2B46B400686D48 /* RegisterSecondViewController.h */,
				E70F489B1B2B46B400686D48 /* RegisterSecondViewController.m */,
			);
			name = "登录注册";
			sourceTree = "<group>";
		};
		E75533D61B2C4D14004D7D59 /* 用户管理 */ = {
			isa = PBXGroup;
			children = (
				E75533D71B2C4D33004D7D59 /* UserManageViewController.h */,
				E75533D81B2C4D33004D7D59 /* UserManageViewController.m */,
				E75533DA1B2C51C6004D7D59 /* ChangePasswordViewController.h */,
				E75533DB1B2C51C6004D7D59 /* ChangePasswordViewController.m */,
			);
			name = "用户管理";
			sourceTree = "<group>";
		};
		E75533E41B2C8E72004D7D59 /* NavigationMenuView */ = {
			isa = PBXGroup;
			children = (
				E75533E51B2C8E72004D7D59 /* images */,
				E75533EA1B2C8E72004D7D59 /* SICellSelection.h */,
				E75533EB1B2C8E72004D7D59 /* SICellSelection.m */,
				E75533EC1B2C8E72004D7D59 /* SIMenuButton.h */,
				E75533ED1B2C8E72004D7D59 /* SIMenuButton.m */,
				E75533EE1B2C8E72004D7D59 /* SIMenuCell.h */,
				E75533EF1B2C8E72004D7D59 /* SIMenuCell.m */,
				E75533F01B2C8E72004D7D59 /* SIMenuConfiguration.h */,
				E75533F11B2C8E72004D7D59 /* SIMenuConfiguration.m */,
				E75533F21B2C8E72004D7D59 /* SIMenuTable.h */,
				E75533F31B2C8E72004D7D59 /* SIMenuTable.m */,
				E75533F41B2C8E72004D7D59 /* SINavigationMenuView.h */,
				E75533F51B2C8E72004D7D59 /* SINavigationMenuView.m */,
				E75533F61B2C8E72004D7D59 /* UIColor+Extension.h */,
				E75533F71B2C8E72004D7D59 /* UIColor+Extension.m */,
			);
			path = NavigationMenuView;
			sourceTree = "<group>";
		};
		E75533E51B2C8E72004D7D59 /* images */ = {
			isa = PBXGroup;
			children = (
				E75533E61B2C8E72004D7D59 /* arrow_down.png */,
				E75533E71B2C8E72004D7D59 /* arrow_down1.png */,
				E75533E81B2C8E72004D7D59 /* arrow_down1@2x.png */,
				E75533E91B2C8E72004D7D59 /* arrow_down@2x.png */,
				E7D084EB1B3AE5870050832C /* arrow_down2.png */,
				E7D084EC1B3AE5870050832C /* arrow_down2@2x.png */,
			);
			path = images;
			sourceTree = "<group>";
		};
		E75B20801B2F1D4300AE1C28 /* 我的收藏 */ = {
			isa = PBXGroup;
			children = (
				E75B20811B2F1D7200AE1C28 /* MyFavoriteViewController.h */,
				E75B20821B2F1D7200AE1C28 /* MyFavoriteViewController.m */,
			);
			name = "我的收藏";
			sourceTree = "<group>";
		};
		E75B208A1B2FB74500AE1C28 /* 百度地图 */ = {
			isa = PBXGroup;
			children = (
				E75B208B1B2FB7D800AE1C28 /* BaiduMapViewController.h */,
				E75B208C1B2FB7D800AE1C28 /* BaiduMapViewController.m */,
			);
			name = "百度地图";
			sourceTree = "<group>";
		};
		E77E679A1B4BFF3100EE369E /* Util */ = {
			isa = PBXGroup;
			children = (
				E77E679B1B4BFF3100EE369E /* base64.h */,
				E77E679C1B4BFF3100EE369E /* base64.m */,
				E77E679D1B4BFF3100EE369E /* config.h */,
				E77E679E1B4BFF3100EE369E /* DataSigner.h */,
				E77E679F1B4BFF3100EE369E /* DataSigner.m */,
				E77E67A01B4BFF3100EE369E /* DataVerifier.h */,
				E77E67A11B4BFF3100EE369E /* DataVerifier.m */,
				E77E67A21B4BFF3100EE369E /* MD5DataSigner.h */,
				E77E67A31B4BFF3100EE369E /* MD5DataSigner.m */,
				E77E67A41B4BFF3100EE369E /* NSDataEx.h */,
				E77E67A51B4BFF3100EE369E /* NSDataEx.m */,
				E77E67A61B4BFF3100EE369E /* openssl_wrapper.h */,
				E77E67A71B4BFF3100EE369E /* openssl_wrapper.m */,
				E77E67A81B4BFF3100EE369E /* RSADataSigner.h */,
				E77E67A91B4BFF3100EE369E /* RSADataSigner.m */,
				E77E67AA1B4BFF3100EE369E /* RSADataVerifier.h */,
				E77E67AB1B4BFF3100EE369E /* RSADataVerifier.m */,
			);
			path = Util;
			sourceTree = "<group>";
		};
		E77E67B41B4BFF3D00EE369E /* openssl */ = {
			isa = PBXGroup;
			children = (
				E77E67B51B4BFF3D00EE369E /* aes.h */,
				E77E67B61B4BFF3D00EE369E /* asn1.h */,
				E77E67B71B4BFF3D00EE369E /* asn1_mac.h */,
				E77E67B81B4BFF3D00EE369E /* asn1t.h */,
				E77E67B91B4BFF3D00EE369E /* bio.h */,
				E77E67BA1B4BFF3D00EE369E /* blowfish.h */,
				E77E67BB1B4BFF3D00EE369E /* bn.h */,
				E77E67BC1B4BFF3D00EE369E /* buffer.h */,
				E77E67BD1B4BFF3D00EE369E /* camellia.h */,
				E77E67BE1B4BFF3D00EE369E /* cast.h */,
				E77E67BF1B4BFF3D00EE369E /* cmac.h */,
				E77E67C01B4BFF3D00EE369E /* cms.h */,
				E77E67C11B4BFF3D00EE369E /* comp.h */,
				E77E67C21B4BFF3D00EE369E /* conf.h */,
				E77E67C31B4BFF3D00EE369E /* conf_api.h */,
				E77E67C41B4BFF3D00EE369E /* crypto.h */,
				E77E67C51B4BFF3D00EE369E /* des.h */,
				E77E67C61B4BFF3D00EE369E /* des_old.h */,
				E77E67C71B4BFF3D00EE369E /* dh.h */,
				E77E67C81B4BFF3D00EE369E /* dsa.h */,
				E77E67C91B4BFF3D00EE369E /* dso.h */,
				E77E67CA1B4BFF3D00EE369E /* dtls1.h */,
				E77E67CB1B4BFF3D00EE369E /* e_os2.h */,
				E77E67CC1B4BFF3D00EE369E /* ebcdic.h */,
				E77E67CD1B4BFF3D00EE369E /* ec.h */,
				E77E67CE1B4BFF3D00EE369E /* ecdh.h */,
				E77E67CF1B4BFF3D00EE369E /* ecdsa.h */,
				E77E67D01B4BFF3D00EE369E /* engine.h */,
				E77E67D11B4BFF3D00EE369E /* err.h */,
				E77E67D21B4BFF3D00EE369E /* evp.h */,
				E77E67D31B4BFF3D00EE369E /* hmac.h */,
				E77E67D41B4BFF3D00EE369E /* idea.h */,
				E77E67D51B4BFF3D00EE369E /* krb5_asn.h */,
				E77E67D61B4BFF3D00EE369E /* kssl.h */,
				E77E67D71B4BFF3D00EE369E /* lhash.h */,
				E77E67D81B4BFF3D00EE369E /* md4.h */,
				E77E67D91B4BFF3D00EE369E /* md5.h */,
				E77E67DA1B4BFF3D00EE369E /* mdc2.h */,
				E77E67DB1B4BFF3D00EE369E /* modes.h */,
				E77E67DC1B4BFF3D00EE369E /* obj_mac.h */,
				E77E67DD1B4BFF3D00EE369E /* objects.h */,
				E77E67DE1B4BFF3D00EE369E /* ocsp.h */,
				E77E67DF1B4BFF3D00EE369E /* opensslconf.h */,
				E77E67E01B4BFF3D00EE369E /* opensslv.h */,
				E77E67E11B4BFF3D00EE369E /* ossl_typ.h */,
				E77E67E21B4BFF3D00EE369E /* pem.h */,
				E77E67E31B4BFF3D00EE369E /* pem2.h */,
				E77E67E41B4BFF3D00EE369E /* pkcs12.h */,
				E77E67E51B4BFF3D00EE369E /* pkcs7.h */,
				E77E67E61B4BFF3D00EE369E /* pqueue.h */,
				E77E67E71B4BFF3D00EE369E /* rand.h */,
				E77E67E81B4BFF3D00EE369E /* rc2.h */,
				E77E67E91B4BFF3D00EE369E /* rc4.h */,
				E77E67EA1B4BFF3D00EE369E /* ripemd.h */,
				E77E67EB1B4BFF3D00EE369E /* rsa.h */,
				E77E67EC1B4BFF3D00EE369E /* safestack.h */,
				E77E67ED1B4BFF3D00EE369E /* seed.h */,
				E77E67EE1B4BFF3D00EE369E /* sha.h */,
				E77E67EF1B4BFF3D00EE369E /* srp.h */,
				E77E67F01B4BFF3D00EE369E /* srtp.h */,
				E77E67F11B4BFF3D00EE369E /* ssl.h */,
				E77E67F21B4BFF3D00EE369E /* ssl2.h */,
				E77E67F31B4BFF3D00EE369E /* ssl23.h */,
				E77E67F41B4BFF3D00EE369E /* ssl3.h */,
				E77E67F51B4BFF3D00EE369E /* stack.h */,
				E77E67F61B4BFF3D00EE369E /* symhacks.h */,
				E77E67F71B4BFF3D00EE369E /* tls1.h */,
				E77E67F81B4BFF3D00EE369E /* ts.h */,
				E77E67F91B4BFF3D00EE369E /* txt_db.h */,
				E77E67FA1B4BFF3D00EE369E /* ui.h */,
				E77E67FB1B4BFF3D00EE369E /* ui_compat.h */,
				E77E67FC1B4BFF3D00EE369E /* whrlpool.h */,
				E77E67FD1B4BFF3D00EE369E /* x509.h */,
				E77E67FE1B4BFF3D00EE369E /* x509_vfy.h */,
				E77E67FF1B4BFF3D00EE369E /* x509v3.h */,
			);
			path = openssl;
			sourceTree = "<group>";
		};
		E7CA62861B40D07900A70B4B /* MBProgressHUD */ = {
			isa = PBXGroup;
			children = (
				E7CA62871B40D09500A70B4B /* MBProgressHUD.h */,
				E7CA62881B40D09500A70B4B /* MBProgressHUD.m */,
			);
			name = MBProgressHUD;
			sourceTree = "<group>";
		};
		E7DC213F1B4BCE7F0010352B /* 支付宝 */ = {
			isa = PBXGroup;
			children = (
				E77E67B41B4BFF3D00EE369E /* openssl */,
				E77E679A1B4BFF3100EE369E /* Util */,
				E77E67971B4BFF2400EE369E /* APAuthV2Info.h */,
				E77E67981B4BFF2400EE369E /* APAuthV2Info.m */,
				E77E68031B4BFF6400EE369E /* Order.h */,
				E77E68041B4BFF6400EE369E /* Order.m */,
			);
			name = "支付宝";
			sourceTree = "<group>";
		};
		E7EB59751B2CC1BA00908A74 /* 订单 */ = {
			isa = PBXGroup;
			children = (
				E7EB59761B2DAFC500908A74 /* OrderLIstViewController.h */,
				E7EB59771B2DAFC500908A74 /* OrderLIstViewController.m */,
				E7EB59791B2DAFD900908A74 /* OrderDetailViewController.h */,
				E7EB597A1B2DAFD900908A74 /* OrderDetailViewController.m */,
				E7EB597C1B2DB0BA00908A74 /* OrderListTableViewCell.h */,
				E7EB597D1B2DB0BA00908A74 /* OrderListTableViewCell.m */,
			);
			name = "订单";
			sourceTree = "<group>";
		};
		E7EB597F1B2E7F3100908A74 /* 电子商城 */ = {
			isa = PBXGroup;
			children = (
				E7EB59801B2E7FA700908A74 /* DSFoodViewController.h */,
				E7EB59811B2E7FA700908A74 /* DSFoodViewController.m */,
			);
			name = "电子商城";
			sourceTree = "<group>";
		};
/* End PBXGroup section */

/* Begin PBXNativeTarget section */
		E70F47BA1B256BDB00686D48 /* HaoCLZ */ = {
			isa = PBXNativeTarget;
			buildConfigurationList = E70F47DE1B256BDB00686D48 /* Build configuration list for PBXNativeTarget "HaoCLZ" */;
			buildPhases = (
				E70F47B71B256BDB00686D48 /* Sources */,
				E70F47B81B256BDB00686D48 /* Frameworks */,
				E70F47B91B256BDB00686D48 /* Resources */,
			);
			buildRules = (
			);
			dependencies = (
			);
			name = HaoCLZ;
			productName = HaoCLZ;
			productReference = E70F47BB1B256BDB00686D48 /* HaoCLZ.app */;
			productType = "com.apple.product-type.application";
		};
/* End PBXNativeTarget section */

/* Begin PBXProject section */
		E70F47B31B256BDB00686D48 /* Project object */ = {
			isa = PBXProject;
			attributes = {
				LastUpgradeCheck = 0630;
				ORGANIZATIONNAME = liuhj;
				TargetAttributes = {
					E70F47BA1B256BDB00686D48 = {
						CreatedOnToolsVersion = 6.3;
						DevelopmentTeam = 87VWCJUGE7;
					};
				};
			};
			buildConfigurationList = E70F47B61B256BDB00686D48 /* Build configuration list for PBXProject "HaoCLZ" */;
			compatibilityVersion = "Xcode 3.2";
			developmentRegion = English;
			hasScannedForEncodings = 0;
			knownRegions = (
				en,
				Base,
			);
			mainGroup = E70F47B21B256BDB00686D48;
			productRefGroup = E70F47BC1B256BDB00686D48 /* Products */;
			projectDirPath = "";
			projectRoot = "";
			targets = (
				E70F47BA1B256BDB00686D48 /* HaoCLZ */,
			);
		};
/* End PBXProject section */

/* Begin PBXResourcesBuildPhase section */
		E70F47B91B256BDB00686D48 /* Resources */ = {
			isa = PBXResourcesBuildPhase;
			buildActionMask = 2147483647;
			files = (
				E70F47CA1B256BDB00686D48 /* Main.storyboard in Resources */,
				E755340E1B2C9A5A004D7D59 /* mapapi.bundle in Resources */,
				E75533F81B2C8E72004D7D59 /* arrow_down.png in Resources */,
				E75533FA1B2C8E72004D7D59 /* arrow_down1@2x.png in Resources */,
				E75533FB1B2C8E72004D7D59 /* arrow_down@2x.png in Resources */,
				E7D084ED1B3AE5870050832C /* arrow_down2.png in Resources */,
				E77E67901B4BFED600EE369E /* AlipaySDK.bundle in Resources */,
				E70F48251B26710300686D48 /* MenuView.xib in Resources */,
				E70F48231B26710300686D48 /* MenuCell.xib in Resources */,
				E75533F91B2C8E72004D7D59 /* arrow_down1.png in Resources */,
				E70F47CC1B256BDB00686D48 /* Images.xcassets in Resources */,
				E7D084EE1B3AE5870050832C /* arrow_down2@2x.png in Resources */,
			);
			runOnlyForDeploymentPostprocessing = 0;
		};
/* End PBXResourcesBuildPhase section */

/* Begin PBXSourcesBuildPhase section */
		E70F47B71B256BDB00686D48 /* Sources */ = {
			isa = PBXSourcesBuildPhase;
			buildActionMask = 2147483647;
			files = (
				E70F48051B25802B00686D48 /* Reachability.m in Sources */,
				E75534021B2C8E72004D7D59 /* UIColor+Extension.m in Sources */,
				E7049BBA1B3C433800AAFBC7 /* UIImageView+WebCache.m in Sources */,
				E7049BB21B3C433800AAFBC7 /* SDWebImageDownloaderOperation.m in Sources */,
				E7EB59781B2DAFC500908A74 /* OrderLIstViewController.m in Sources */,
				E77E67B01B4BFF3100EE369E /* NSDataEx.m in Sources */,
				E70F48031B25802B00686D48 /* MKNetworkEngine.m in Sources */,
				E7049BB81B3C433800AAFBC7 /* UIImage+WebP.m in Sources */,
				E70F48341B27E00C00686D48 /* NearByTableViewCell.m in Sources */,
				E7049BAF1B3C433800AAFBC7 /* SDWebImageCompat.m in Sources */,
				E70F48291B26716C00686D48 /* CustomViewController.m in Sources */,
				E70F48981B2B2F7400686D48 /* LoginViewController.m in Sources */,
				E77E67B21B4BFF3100EE369E /* RSADataSigner.m in Sources */,
				E7049BB41B3C433800AAFBC7 /* SDWebImagePrefetcher.m in Sources */,
				E7049BAE1B3C433800AAFBC7 /* SDImageCache.m in Sources */,
				E75B208D1B2FB7D800AE1C28 /* BaiduMapViewController.m in Sources */,
				E75534011B2C8E72004D7D59 /* SINavigationMenuView.m in Sources */,
				E75533DC1B2C51C6004D7D59 /* ChangePasswordViewController.m in Sources */,
				E7049BB01B3C433800AAFBC7 /* SDWebImageDecoder.m in Sources */,
				E75533FC1B2C8E72004D7D59 /* SICellSelection.m in Sources */,
				E7049BB91B3C433800AAFBC7 /* UIImageView+HighlightedWebCache.m in Sources */,
				E70F47FF1B25802B00686D48 /* NSDictionary+RequestEncoding.m in Sources */,
				E70F47C41B256BDB00686D48 /* AppDelegate.mm in Sources */,
				E70F48901B298B2500686D48 /* ShopCarTableViewCell.m in Sources */,
				E77E67AD1B4BFF3100EE369E /* DataSigner.m in Sources */,
				E70F48941B2B279700686D48 /* RegisterViewController.m in Sources */,
				E77E67AF1B4BFF3100EE369E /* MD5DataSigner.m in Sources */,
				E70F48241B26710300686D48 /* MenuView.m in Sources */,
				E70F487F1B28390500686D48 /* FoodViewController.m in Sources */,
				E7049BB71B3C433800AAFBC7 /* UIImage+MultiFormat.m in Sources */,
				E7049BAC1B3C433800AAFBC7 /* MKAnnotationView+WebCache.m in Sources */,
				E75533FF1B2C8E72004D7D59 /* SIMenuConfiguration.m in Sources */,
				E70F47FD1B25802B00686D48 /* NSData+MKBase64.m in Sources */,
				E75533DF1B2C5AB7004D7D59 /* FoodDetailViewController.m in Sources */,
				E7049BB61B3C433800AAFBC7 /* UIImage+GIF.m in Sources */,
				E70F48821B283C5200686D48 /* FoodTableViewCell.m in Sources */,
				E70F47C11B256BDB00686D48 /* main.m in Sources */,
				E7049BBB1B3C433800AAFBC7 /* UIView+WebCacheOperation.m in Sources */,
				E70F488D1B2953DC00686D48 /* BalanceViewController.m in Sources */,
				E7049BB31B3C433800AAFBC7 /* SDWebImageManager.m in Sources */,
				E7EB597B1B2DAFD900908A74 /* OrderDetailViewController.m in Sources */,
				E7EB59821B2E7FA700908A74 /* DSFoodViewController.m in Sources */,
				E77E67AE1B4BFF3100EE369E /* DataVerifier.m in Sources */,
				E75B20891B2FAFE800AE1C28 /* FixInfoViewController.m in Sources */,
				E75B20831B2F1D7200AE1C28 /* MyFavoriteViewController.m in Sources */,
				E77E67AC1B4BFF3100EE369E /* base64.m in Sources */,
				E70F48041B25802B00686D48 /* MKNetworkOperation.m in Sources */,
				E7EB597E1B2DB0BA00908A74 /* OrderListTableViewCell.m in Sources */,
				E70F48011B25802B00686D48 /* UIAlertView+MKNetworkKitAdditions.m in Sources */,
				E77E67991B4BFF2400EE369E /* APAuthV2Info.m in Sources */,
				E70F48371B28170E00686D48 /* NearByViewController.m in Sources */,
				E75533FD1B2C8E72004D7D59 /* SIMenuButton.m in Sources */,
				E70F48021B25802B00686D48 /* UIImageView+MKNetworkKitAdditions.m in Sources */,
				E70F47FC1B25802B00686D48 /* NSAlert+MKNetworkKitAdditions.m in Sources */,
				E77E68051B4BFF6400EE369E /* Order.m in Sources */,
				E77E67B11B4BFF3100EE369E /* openssl_wrapper.m in Sources */,
				E70F48001B25802B00686D48 /* NSString+MKNetworkKitAdditions.m in Sources */,
				E70F489C1B2B46B400686D48 /* RegisterSecondViewController.m in Sources */,
				E75534001B2C8E72004D7D59 /* SIMenuTable.m in Sources */,
				E7049BAD1B3C433800AAFBC7 /* NSData+ImageContentType.m in Sources */,
				E7049B881B3C259300AAFBC7 /* LaunchSreenView.m in Sources */,
				E75533FE1B2C8E72004D7D59 /* SIMenuCell.m in Sources */,
				E7CA62891B40D09500A70B4B /* MBProgressHUD.m in Sources */,
				E7049BB51B3C433800AAFBC7 /* UIButton+WebCache.m in Sources */,
				E70F48211B26710300686D48 /* JKSideSlipView.m in Sources */,
				E70F488A1B29537C00686D48 /* ShopCarViewController.m in Sources */,
				E77E67B31B4BFF3100EE369E /* RSADataVerifier.m in Sources */,
				E7049BB11B3C433800AAFBC7 /* SDWebImageDownloader.m in Sources */,
				E7049B851B3C1DA400AAFBC7 /* AboutUsViewController.m in Sources */,
				E70F47FE1B25802B00686D48 /* NSDate+RFC1123.m in Sources */,
				E70F48221B26710300686D48 /* MenuCell.m in Sources */,
				E75533D91B2C4D33004D7D59 /* UserManageViewController.m in Sources */,
			);
			runOnlyForDeploymentPostprocessing = 0;
		};
/* End PBXSourcesBuildPhase section */

/* Begin PBXVariantGroup section */
		E70F47C81B256BDB00686D48 /* Main.storyboard */ = {
			isa = PBXVariantGroup;
			children = (
				E70F47C91B256BDB00686D48 /* Base */,
			);
			name = Main.storyboard;
			sourceTree = "<group>";
		};
/* End PBXVariantGroup section */

/* Begin XCBuildConfiguration section */
		E70F47DC1B256BDB00686D48 /* Debug */ = {
			isa = XCBuildConfiguration;
			buildSettings = {
				ALWAYS_SEARCH_USER_PATHS = NO;
				CLANG_CXX_LANGUAGE_STANDARD = "gnu++0x";
				CLANG_CXX_LIBRARY = "libc++";
				CLANG_ENABLE_MODULES = YES;
				CLANG_ENABLE_OBJC_ARC = YES;
				CLANG_WARN_BOOL_CONVERSION = YES;
				CLANG_WARN_CONSTANT_CONVERSION = YES;
				CLANG_WARN_DIRECT_OBJC_ISA_USAGE = YES_ERROR;
				CLANG_WARN_EMPTY_BODY = YES;
				CLANG_WARN_ENUM_CONVERSION = YES;
				CLANG_WARN_INT_CONVERSION = YES;
				CLANG_WARN_OBJC_ROOT_CLASS = YES_ERROR;
				CLANG_WARN_UNREACHABLE_CODE = YES;
				CLANG_WARN__DUPLICATE_METHOD_MATCH = YES;
				CODE_SIGN_IDENTITY = "";
				"CODE_SIGN_IDENTITY[sdk=iphoneos*]" = "";
				COPY_PHASE_STRIP = NO;
				DEBUG_INFORMATION_FORMAT = "dwarf-with-dsym";
				ENABLE_STRICT_OBJC_MSGSEND = YES;
				GCC_C_LANGUAGE_STANDARD = gnu99;
				GCC_DYNAMIC_NO_PIC = NO;
				GCC_NO_COMMON_BLOCKS = YES;
				GCC_OPTIMIZATION_LEVEL = 0;
				GCC_PREPROCESSOR_DEFINITIONS = (
					"DEBUG=1",
					"$(inherited)",
				);
				GCC_SYMBOLS_PRIVATE_EXTERN = NO;
				GCC_WARN_64_TO_32_BIT_CONVERSION = YES;
				GCC_WARN_ABOUT_RETURN_TYPE = YES_ERROR;
				GCC_WARN_UNDECLARED_SELECTOR = YES;
				GCC_WARN_UNINITIALIZED_AUTOS = YES_AGGRESSIVE;
				GCC_WARN_UNUSED_FUNCTION = YES;
				GCC_WARN_UNUSED_VARIABLE = YES;
				IPHONEOS_DEPLOYMENT_TARGET = 8.3;
				MTL_ENABLE_DEBUG_INFO = YES;
				ONLY_ACTIVE_ARCH = YES;
				PROVISIONING_PROFILE = "";
				SDKROOT = iphoneos;
			};
			name = Debug;
		};
		E70F47DD1B256BDB00686D48 /* Release */ = {
			isa = XCBuildConfiguration;
			buildSettings = {
				ALWAYS_SEARCH_USER_PATHS = NO;
				CLANG_CXX_LANGUAGE_STANDARD = "gnu++0x";
				CLANG_CXX_LIBRARY = "libc++";
				CLANG_ENABLE_MODULES = YES;
				CLANG_ENABLE_OBJC_ARC = YES;
				CLANG_WARN_BOOL_CONVERSION = YES;
				CLANG_WARN_CONSTANT_CONVERSION = YES;
				CLANG_WARN_DIRECT_OBJC_ISA_USAGE = YES_ERROR;
				CLANG_WARN_EMPTY_BODY = YES;
				CLANG_WARN_ENUM_CONVERSION = YES;
				CLANG_WARN_INT_CONVERSION = YES;
				CLANG_WARN_OBJC_ROOT_CLASS = YES_ERROR;
				CLANG_WARN_UNREACHABLE_CODE = YES;
				CLANG_WARN__DUPLICATE_METHOD_MATCH = YES;
				CODE_SIGN_IDENTITY = "";
				"CODE_SIGN_IDENTITY[sdk=iphoneos*]" = "";
				COPY_PHASE_STRIP = NO;
				DEBUG_INFORMATION_FORMAT = "dwarf-with-dsym";
				ENABLE_NS_ASSERTIONS = NO;
				ENABLE_STRICT_OBJC_MSGSEND = YES;
				GCC_C_LANGUAGE_STANDARD = gnu99;
				GCC_NO_COMMON_BLOCKS = YES;
				GCC_WARN_64_TO_32_BIT_CONVERSION = YES;
				GCC_WARN_ABOUT_RETURN_TYPE = YES_ERROR;
				GCC_WARN_UNDECLARED_SELECTOR = YES;
				GCC_WARN_UNINITIALIZED_AUTOS = YES_AGGRESSIVE;
				GCC_WARN_UNUSED_FUNCTION = YES;
				GCC_WARN_UNUSED_VARIABLE = YES;
				IPHONEOS_DEPLOYMENT_TARGET = 8.3;
				MTL_ENABLE_DEBUG_INFO = NO;
				PROVISIONING_PROFILE = "";
				SDKROOT = iphoneos;
				VALIDATE_PRODUCT = YES;
			};
			name = Release;
		};
		E70F47DF1B256BDB00686D48 /* Debug */ = {
			isa = XCBuildConfiguration;
			buildSettings = {
				ASSETCATALOG_COMPILER_APPICON_NAME = AppIcon;
				ASSETCATALOG_COMPILER_LAUNCHIMAGE_NAME = LaunchImage;
				CLANG_CXX_LANGUAGE_STANDARD = "compiler-default";
				CLANG_CXX_LIBRARY = "compiler-default";
				CODE_SIGN_IDENTITY = "iPhone Distribution: zheng ling (87VWCJUGE7)";
				"CODE_SIGN_IDENTITY[sdk=iphoneos*]" = "iPhone Distribution: zheng ling (87VWCJUGE7)";
				FRAMEWORK_SEARCH_PATHS = (
					"$(inherited)",
					"/Users/liuhujun/Downloads/BaiduMap_IOSSDK_v2.7.0_All/BaiduMap_IOSSDK_v2.7.0_Lib/Release-iphoneos",
					"$(PROJECT_DIR)/HaoCLZ",
					"$(PROJECT_DIR)",
				);
				GCC_C_LANGUAGE_STANDARD = "compiler-default";
				GCC_PRECOMPILE_PREFIX_HEADER = YES;
				GCC_PREFIX_HEADER = "$(SRCROOT)/HaoCLZ/PrefixHeader.pch";
				HEADER_SEARCH_PATHS = (
					"$(inherited)",
					/Applications/Xcode.app/Contents/Developer/Toolchains/XcodeDefault.xctoolchain/usr/include,
					"$(SRCROOT)/HaoCLZ",
				);
				INFOPLIST_FILE = HaoCLZ/Info.plist;
				IPHONEOS_DEPLOYMENT_TARGET = 7.0;
				LD_RUNPATH_SEARCH_PATHS = "$(inherited) @executable_path/Frameworks";
				LIBRARY_SEARCH_PATHS = (
					"$(inherited)",
					"$(PROJECT_DIR)",
				);
				ONLY_ACTIVE_ARCH = YES;
				OTHER_LDFLAGS = "-ObjC";
				PRODUCT_NAME = "$(TARGET_NAME)";
				PROVISIONING_PROFILE = "f31da03b-149f-4de7-861d-cec6376f3d3e";
			};
			name = Debug;
		};
		E70F47E01B256BDB00686D48 /* Release */ = {
			isa = XCBuildConfiguration;
			buildSettings = {
				ASSETCATALOG_COMPILER_APPICON_NAME = AppIcon;
				ASSETCATALOG_COMPILER_LAUNCHIMAGE_NAME = LaunchImage;
				CLANG_CXX_LANGUAGE_STANDARD = "compiler-default";
				CLANG_CXX_LIBRARY = "compiler-default";
				CODE_SIGN_IDENTITY = "iPhone Distribution: zheng ling (87VWCJUGE7)";
				"CODE_SIGN_IDENTITY[sdk=iphoneos*]" = "iPhone Distribution: zheng ling (87VWCJUGE7)";
				FRAMEWORK_SEARCH_PATHS = (
					"$(inherited)",
					"/Users/liuhujun/Downloads/BaiduMap_IOSSDK_v2.7.0_All/BaiduMap_IOSSDK_v2.7.0_Lib/Release-iphoneos",
					"$(PROJECT_DIR)/HaoCLZ",
					"$(PROJECT_DIR)",
				);
				GCC_C_LANGUAGE_STANDARD = "compiler-default";
				GCC_PRECOMPILE_PREFIX_HEADER = YES;
				GCC_PREFIX_HEADER = "$(SRCROOT)/HaoCLZ/PrefixHeader.pch";
				HEADER_SEARCH_PATHS = (
					"$(inherited)",
					/Applications/Xcode.app/Contents/Developer/Toolchains/XcodeDefault.xctoolchain/usr/include,
					"$(SRCROOT)/HaoCLZ",
				);
				INFOPLIST_FILE = HaoCLZ/Info.plist;
				IPHONEOS_DEPLOYMENT_TARGET = 7.0;
				LD_RUNPATH_SEARCH_PATHS = "$(inherited) @executable_path/Frameworks";
				LIBRARY_SEARCH_PATHS = (
					"$(inherited)",
					"$(PROJECT_DIR)",
				);
				ONLY_ACTIVE_ARCH = NO;
				OTHER_LDFLAGS = "-ObjC";
				PRODUCT_NAME = "$(TARGET_NAME)";
				PROVISIONING_PROFILE = "f31da03b-149f-4de7-861d-cec6376f3d3e";
			};
			name = Release;
		};
/* End XCBuildConfiguration section */

/* Begin XCConfigurationList section */
		E70F47B61B256BDB00686D48 /* Build configuration list for PBXProject "HaoCLZ" */ = {
			isa = XCConfigurationList;
			buildConfigurations = (
				E70F47DC1B256BDB00686D48 /* Debug */,
				E70F47DD1B256BDB00686D48 /* Release */,
			);
			defaultConfigurationIsVisible = 0;
			defaultConfigurationName = Release;
		};
		E70F47DE1B256BDB00686D48 /* Build configuration list for PBXNativeTarget "HaoCLZ" */ = {
			isa = XCConfigurationList;
			buildConfigurations = (
				E70F47DF1B256BDB00686D48 /* Debug */,
				E70F47E01B256BDB00686D48 /* Release */,
			);
			defaultConfigurationIsVisible = 0;
			defaultConfigurationName = Release;
		};
/* End XCConfigurationList section */
	};
	rootObject = E70F47B31B256BDB00686D48 /* Project object */;
}
